// !$*UTF8*$!
{
	archiveVersion = 1;
	classes = {
	};
	objectVersion = 46;
	objects = {

/* Begin PBXBuildFile section */
		180056C71EEE478800446954 /* DepthTestRenderer.swift in Sources */ = {isa = PBXBuildFile; fileRef = 180056C61EEE478800446954 /* DepthTestRenderer.swift */; };
		180056C91EEE4D9C00446954 /* DepthTest.vsh in Resources */ = {isa = PBXBuildFile; fileRef = 180056C81EEE4D9C00446954 /* DepthTest.vsh */; };
		180056CB1EEE4DB300446954 /* DepthTest.fsh in Resources */ = {isa = PBXBuildFile; fileRef = 180056CA1EEE4DB300446954 /* DepthTest.fsh */; };
		180056CD1EEFA36C00446954 /* StencilOutlineRenderer.swift in Sources */ = {isa = PBXBuildFile; fileRef = 180056CC1EEFA36C00446954 /* StencilOutlineRenderer.swift */; };
		180056CF1EEFA41600446954 /* StencilTestSingleColor.fsh in Resources */ = {isa = PBXBuildFile; fileRef = 180056CE1EEFA41600446954 /* StencilTestSingleColor.fsh */; };
		180056D11EF4F32300446954 /* GrassBlendRenderer.swift in Sources */ = {isa = PBXBuildFile; fileRef = 180056D01EF4F32300446954 /* GrassBlendRenderer.swift */; };
		180CD3191EDB1BEC00AD5364 /* SpinningLampRenderer.swift in Sources */ = {isa = PBXBuildFile; fileRef = 180CD3181EDB1BEC00AD5364 /* SpinningLampRenderer.swift */; };
		180CD31B1EDB2BFA00AD5364 /* LightingWithMaterialRenderer.swift in Sources */ = {isa = PBXBuildFile; fileRef = 180CD31A1EDB2BFA00AD5364 /* LightingWithMaterialRenderer.swift */; };
		180CD31D1EDB2C7400AD5364 /* LightingWithMaterial.fsh in Resources */ = {isa = PBXBuildFile; fileRef = 180CD31C1EDB2C7400AD5364 /* LightingWithMaterial.fsh */; };
		181E25B61EF57B95007CF90A /* Blending.fsh in Resources */ = {isa = PBXBuildFile; fileRef = 181E25B51EF57B95007CF90A /* Blending.fsh */; };
		181E25B81EF64CA3007CF90A /* MyOpenGLTextureCache.swift in Sources */ = {isa = PBXBuildFile; fileRef = 181E25B71EF64CA3007CF90A /* MyOpenGLTextureCache.swift */; };
		181E25BA1EF664AE007CF90A /* WindowBlendRenderer.swift in Sources */ = {isa = PBXBuildFile; fileRef = 181E25B91EF664AE007CF90A /* WindowBlendRenderer.swift */; };
		184316E61F30340F00B11796 /* NormalMappingRenderer.swift in Sources */ = {isa = PBXBuildFile; fileRef = 184316E51F30340F00B11796 /* NormalMappingRenderer.swift */; };
		184316E81F303D9900B11796 /* NormalMapping.vsh in Resources */ = {isa = PBXBuildFile; fileRef = 184316E71F303D9900B11796 /* NormalMapping.vsh */; };
		184316EA1F303DA500B11796 /* NormalMapping.fsh in Resources */ = {isa = PBXBuildFile; fileRef = 184316E91F303DA500B11796 /* NormalMapping.fsh */; };
		1851B4AE1F0CA81A009049AE /* Asteroid.vsh in Resources */ = {isa = PBXBuildFile; fileRef = 1851B4AD1F0CA81A009049AE /* Asteroid.vsh */; };
		1851B4B01F0CA8B3009049AE /* Asteroid.fsh in Resources */ = {isa = PBXBuildFile; fileRef = 1851B4AF1F0CA8B3009049AE /* Asteroid.fsh */; };
		1851B4B21F0E7CDC009049AE /* MSAARenderer.swift in Sources */ = {isa = PBXBuildFile; fileRef = 1851B4B11F0E7CDC009049AE /* MSAARenderer.swift */; };
		1851B4B41F0E7EF9009049AE /* AntiAlias.vsh in Resources */ = {isa = PBXBuildFile; fileRef = 1851B4B31F0E7EF9009049AE /* AntiAlias.vsh */; };
		1851B4B61F0E7F17009049AE /* AntiAlias.fsh in Resources */ = {isa = PBXBuildFile; fileRef = 1851B4B51F0E7F17009049AE /* AntiAlias.fsh */; };
		1851B4B81F0E8085009049AE /* MyOpenGLFramebuffer.swift in Sources */ = {isa = PBXBuildFile; fileRef = 1851B4B71F0E8085009049AE /* MyOpenGLFramebuffer.swift */; };
		185492E41E81FE14009773AE /* TriangleRenderer.swift in Sources */ = {isa = PBXBuildFile; fileRef = 185492E31E81FE14009773AE /* TriangleRenderer.swift */; };
		1878AE381F07AAF0005F8CCA /* AsteroidRenderer.swift in Sources */ = {isa = PBXBuildFile; fileRef = 1878AE371F07AAF0005F8CCA /* AsteroidRenderer.swift */; };
		189042BB1EC179AD0083B094 /* MyOpenGLProgram.swift in Sources */ = {isa = PBXBuildFile; fileRef = 189042BA1EC179AD0083B094 /* MyOpenGLProgram.swift */; };
		189042BD1EC1E99C0083B094 /* RectangleRenderer.swift in Sources */ = {isa = PBXBuildFile; fileRef = 189042BC1EC1E99C0083B094 /* RectangleRenderer.swift */; };
		189578E81ED18B670025196E /* RectanglePerspectiveRenderer.swift in Sources */ = {isa = PBXBuildFile; fileRef = 189578E71ED18B670025196E /* RectanglePerspectiveRenderer.swift */; };
		189578EA1ED19A340025196E /* CubeRenderer.swift in Sources */ = {isa = PBXBuildFile; fileRef = 189578E91ED19A340025196E /* CubeRenderer.swift */; };
		189578EC1ED1C6DD0025196E /* NCubesRenderer.swift in Sources */ = {isa = PBXBuildFile; fileRef = 189578EB1ED1C6DD0025196E /* NCubesRenderer.swift */; };
		189578F01ED3D8F00025196E /* MyOpenGLUtils.swift in Sources */ = {isa = PBXBuildFile; fileRef = 189578EF1ED3D8F00025196E /* MyOpenGLUtils.swift */; };
		189578F21ED3DAA20025196E /* MyOpenGLCamera.swift in Sources */ = {isa = PBXBuildFile; fileRef = 189578F11ED3DAA20025196E /* MyOpenGLCamera.swift */; };
		189578F41ED429FE0025196E /* NCubesWithCameraRenderer.swift in Sources */ = {isa = PBXBuildFile; fileRef = 189578F31ED429FE0025196E /* NCubesWithCameraRenderer.swift */; };
		189578F61ED470330025196E /* LightingAndLampRenderer.swift in Sources */ = {isa = PBXBuildFile; fileRef = 189578F51ED470330025196E /* LightingAndLampRenderer.swift */; };
		189578F81ED865980025196E /* CircleRenderer.swift in Sources */ = {isa = PBXBuildFile; fileRef = 189578F71ED865980025196E /* CircleRenderer.swift */; };
		189578FA1EDAA3B70025196E /* Lighting.vsh in Resources */ = {isa = PBXBuildFile; fileRef = 189578F91EDAA3B70025196E /* Lighting.vsh */; };
		189578FC1EDAA4130025196E /* Lighting.fsh in Resources */ = {isa = PBXBuildFile; fileRef = 189578FB1EDAA4130025196E /* Lighting.fsh */; };
		189578FF1EDAA9580025196E /* Triangle.vsh in Resources */ = {isa = PBXBuildFile; fileRef = 189578FE1EDAA9580025196E /* Triangle.vsh */; };
		189579011EDAA9AD0025196E /* Triangle.fsh in Resources */ = {isa = PBXBuildFile; fileRef = 189579001EDAA9AD0025196E /* Triangle.fsh */; };
		189579031EDAAACD0025196E /* Lamp.vsh in Resources */ = {isa = PBXBuildFile; fileRef = 189579021EDAAACD0025196E /* Lamp.vsh */; };
		189579051EDAAAF10025196E /* Lamp.fsh in Resources */ = {isa = PBXBuildFile; fileRef = 189579041EDAAAF10025196E /* Lamp.fsh */; };
		18A523FB1F04B1DC0037BAC4 /* UniformBufferObjectRenderer.swift in Sources */ = {isa = PBXBuildFile; fileRef = 18A523FA1F04B1DC0037BAC4 /* UniformBufferObjectRenderer.swift */; };
		18A523FD1F04B38B0037BAC4 /* UniformBufferObject.vsh in Resources */ = {isa = PBXBuildFile; fileRef = 18A523FC1F04B38B0037BAC4 /* UniformBufferObject.vsh */; };
		18A523FF1F04B3FB0037BAC4 /* Red.fsh in Resources */ = {isa = PBXBuildFile; fileRef = 18A523FE1F04B3FB0037BAC4 /* Red.fsh */; };
		18A524011F04B4250037BAC4 /* Green.fsh in Resources */ = {isa = PBXBuildFile; fileRef = 18A524001F04B4250037BAC4 /* Green.fsh */; };
		18A524031F04B4360037BAC4 /* Blue.fsh in Resources */ = {isa = PBXBuildFile; fileRef = 18A524021F04B4360037BAC4 /* Blue.fsh */; };
		18A524051F04B4450037BAC4 /* Yellow.fsh in Resources */ = {isa = PBXBuildFile; fileRef = 18A524041F04B4450037BAC4 /* Yellow.fsh */; };
		18A524071F0548DE0037BAC4 /* GeometryShaderRenderer.swift in Sources */ = {isa = PBXBuildFile; fileRef = 18A524061F0548DE0037BAC4 /* GeometryShaderRenderer.swift */; };
		18A524091F0549900037BAC4 /* GeometryShader.vsh in Resources */ = {isa = PBXBuildFile; fileRef = 18A524081F0549900037BAC4 /* GeometryShader.vsh */; };
		18A5240B1F0549FE0037BAC4 /* GeometryShader.fsh in Resources */ = {isa = PBXBuildFile; fileRef = 18A5240A1F0549FE0037BAC4 /* GeometryShader.fsh */; };
		18A5240D1F054A360037BAC4 /* GeometryShader.gsh in Resources */ = {isa = PBXBuildFile; fileRef = 18A5240C1F054A360037BAC4 /* GeometryShader.gsh */; };
		18A5240F1F076F030037BAC4 /* ModelExplodeRenderer.swift in Sources */ = {isa = PBXBuildFile; fileRef = 18A5240E1F076F030037BAC4 /* ModelExplodeRenderer.swift */; };
		18A524111F0770570037BAC4 /* ModelExplode.vsh in Resources */ = {isa = PBXBuildFile; fileRef = 18A524101F0770570037BAC4 /* ModelExplode.vsh */; };
		18A524131F0771860037BAC4 /* ModelExplode.fsh in Resources */ = {isa = PBXBuildFile; fileRef = 18A524121F0771860037BAC4 /* ModelExplode.fsh */; };
		18A524151F0772540037BAC4 /* ModelExplode.gsh in Resources */ = {isa = PBXBuildFile; fileRef = 18A524141F0772540037BAC4 /* ModelExplode.gsh */; };
		18A524171F0782500037BAC4 /* VisualizeNormalRenderer.swift in Sources */ = {isa = PBXBuildFile; fileRef = 18A524161F0782500037BAC4 /* VisualizeNormalRenderer.swift */; };
		18A524191F0783A50037BAC4 /* VisualizeNormal.vsh in Resources */ = {isa = PBXBuildFile; fileRef = 18A524181F0783A50037BAC4 /* VisualizeNormal.vsh */; };
		18A5241B1F0784290037BAC4 /* VisualizeNormal.gsh in Resources */ = {isa = PBXBuildFile; fileRef = 18A5241A1F0784290037BAC4 /* VisualizeNormal.gsh */; };
		18A5241D1F0787E90037BAC4 /* Model.vsh in Resources */ = {isa = PBXBuildFile; fileRef = 18A5241C1F0787E90037BAC4 /* Model.vsh */; };
		18A5241F1F0788090037BAC4 /* Model.fsh in Resources */ = {isa = PBXBuildFile; fileRef = 18A5241E1F0788090037BAC4 /* Model.fsh */; };
		18A524211F0795A30037BAC4 /* InstancedArrayRenderer.swift in Sources */ = {isa = PBXBuildFile; fileRef = 18A524201F0795A30037BAC4 /* InstancedArrayRenderer.swift */; };
		18A524231F0796C10037BAC4 /* InstancedArray.vsh in Resources */ = {isa = PBXBuildFile; fileRef = 18A524221F0796C10037BAC4 /* InstancedArray.vsh */; };
		18A524251F0797160037BAC4 /* InstancedArray.fsh in Resources */ = {isa = PBXBuildFile; fileRef = 18A524241F0797160037BAC4 /* InstancedArray.fsh */; };
		18AE58431EDB16370029BEAF /* Circle.fsh in Resources */ = {isa = PBXBuildFile; fileRef = 18AE58421EDB16370029BEAF /* Circle.fsh */; };
		18AE58451EDB16570029BEAF /* Circle.vsh in Resources */ = {isa = PBXBuildFile; fileRef = 18AE58441EDB16570029BEAF /* Circle.vsh */; };
		18AE58471EDB16F80029BEAF /* RectanglePerspective.vsh in Resources */ = {isa = PBXBuildFile; fileRef = 18AE58461EDB16F80029BEAF /* RectanglePerspective.vsh */; };
		18AE58491EDB17060029BEAF /* RectanglePerspective.fsh in Resources */ = {isa = PBXBuildFile; fileRef = 18AE58481EDB17060029BEAF /* RectanglePerspective.fsh */; };
		18B52D561EC5EF6D00BCB1EA /* MyOpenGLTexture.swift in Sources */ = {isa = PBXBuildFile; fileRef = 18B52D551EC5EF6D00BCB1EA /* MyOpenGLTexture.swift */; };
		18B52D581EC6FC9800BCB1EA /* TriangleTextureRenderer.swift in Sources */ = {isa = PBXBuildFile; fileRef = 18B52D571EC6FC9800BCB1EA /* TriangleTextureRenderer.swift */; };
		18B52D5F1EC7096300BCB1EA /* RectangleTextureRenderer.swift in Sources */ = {isa = PBXBuildFile; fileRef = 18B52D5E1EC7096300BCB1EA /* RectangleTextureRenderer.swift */; };
		18B52D611EC832F000BCB1EA /* RectangleRotationRenderer.swift in Sources */ = {isa = PBXBuildFile; fileRef = 18B52D601EC832F000BCB1EA /* RectangleRotationRenderer.swift */; };
		18D0EFCA1EDBB0EE00EEECAC /* LightingWithMaps.fsh in Resources */ = {isa = PBXBuildFile; fileRef = 18D0EFC91EDBB0EE00EEECAC /* LightingWithMaps.fsh */; };
		18D0EFCC1EDBB26800EEECAC /* LightingWithMaps.vsh in Resources */ = {isa = PBXBuildFile; fileRef = 18D0EFCB1EDBB26800EEECAC /* LightingWithMaps.vsh */; };
		18D0EFCE1EDBB31400EEECAC /* LightingWithMapsRenderer.swift in Sources */ = {isa = PBXBuildFile; fileRef = 18D0EFCD1EDBB31400EEECAC /* LightingWithMapsRenderer.swift */; };
		18D0EFD01EDC3D0C00EEECAC /* DirectionalLightRenderer.swift in Sources */ = {isa = PBXBuildFile; fileRef = 18D0EFCF1EDC3D0C00EEECAC /* DirectionalLightRenderer.swift */; };
		18D0EFD21EDC3DFC00EEECAC /* DirectionalLight.fsh in Resources */ = {isa = PBXBuildFile; fileRef = 18D0EFD11EDC3DFC00EEECAC /* DirectionalLight.fsh */; };
		18D0EFD41EDC47CB00EEECAC /* PointLight.fsh in Resources */ = {isa = PBXBuildFile; fileRef = 18D0EFD31EDC47CB00EEECAC /* PointLight.fsh */; };
		18D0EFD61EDC488100EEECAC /* PointLightRenderer.swift in Sources */ = {isa = PBXBuildFile; fileRef = 18D0EFD51EDC488100EEECAC /* PointLightRenderer.swift */; };
		18D0EFD81EDC4F9D00EEECAC /* SpotLightRenderer.swift in Sources */ = {isa = PBXBuildFile; fileRef = 18D0EFD71EDC4F9D00EEECAC /* SpotLightRenderer.swift */; };
		18D0EFDA1EDC4FE900EEECAC /* SpotLight.fsh in Resources */ = {isa = PBXBuildFile; fileRef = 18D0EFD91EDC4FE900EEECAC /* SpotLight.fsh */; };
		18D0EFDC1EDD924200EEECAC /* MultipleLightsRenderer.swift in Sources */ = {isa = PBXBuildFile; fileRef = 18D0EFDB1EDD924200EEECAC /* MultipleLightsRenderer.swift */; };
		18D0EFDE1EDD930900EEECAC /* MultipleLights.fsh in Resources */ = {isa = PBXBuildFile; fileRef = 18D0EFDD1EDD930900EEECAC /* MultipleLights.fsh */; };
		18D0EFE01EDFC93A00EEECAC /* MyOpenGLMesh.swift in Sources */ = {isa = PBXBuildFile; fileRef = 18D0EFDF1EDFC93A00EEECAC /* MyOpenGLMesh.swift */; };
		18D0EFEE1EE1B19200EEECAC /* MyOpenGLModel.swift in Sources */ = {isa = PBXBuildFile; fileRef = 18D0EFED1EE1B19200EEECAC /* MyOpenGLModel.swift */; };
		18D0EFF11EE1B2AD00EEECAC /* MyAssimpLoader.mm in Sources */ = {isa = PBXBuildFile; fileRef = 18D0EFF01EE1B2AD00EEECAC /* MyAssimpLoader.mm */; };
		18D0F02E1EE1B31400EEECAC /* .editorconfig in Resources */ = {isa = PBXBuildFile; fileRef = 18D0EFF51EE1B31400EEECAC /* .editorconfig */; };
		18D0F02F1EE1B31400EEECAC /* color4.inl in Resources */ = {isa = PBXBuildFile; fileRef = 18D0EFFD1EE1B31400EEECAC /* color4.inl */; };
		18D0F0301EE1B31400EEECAC /* config.h.in in Resources */ = {isa = PBXBuildFile; fileRef = 18D0F0031EE1B31400EEECAC /* config.h.in */; };
		18D0F0311EE1B31400EEECAC /* material.inl in Resources */ = {isa = PBXBuildFile; fileRef = 18D0F0121EE1B31400EEECAC /* material.inl */; };
		18D0F0321EE1B31400EEECAC /* matrix3x3.inl in Resources */ = {isa = PBXBuildFile; fileRef = 18D0F0141EE1B31400EEECAC /* matrix3x3.inl */; };
		18D0F0331EE1B31400EEECAC /* matrix4x4.inl in Resources */ = {isa = PBXBuildFile; fileRef = 18D0F0161EE1B31400EEECAC /* matrix4x4.inl */; };
		18D0F0341EE1B31400EEECAC /* quaternion.inl in Resources */ = {isa = PBXBuildFile; fileRef = 18D0F0201EE1B31400EEECAC /* quaternion.inl */; };
		18D0F0351EE1B31400EEECAC /* vector2.inl in Resources */ = {isa = PBXBuildFile; fileRef = 18D0F0251EE1B31400EEECAC /* vector2.inl */; };
		18D0F0361EE1B31400EEECAC /* vector3.inl in Resources */ = {isa = PBXBuildFile; fileRef = 18D0F0271EE1B31400EEECAC /* vector3.inl */; };
		18D0F0371EE1B31400EEECAC /* libassimp.3.3.1.dylib in Frameworks */ = {isa = PBXBuildFile; fileRef = 18D0F02A1EE1B31400EEECAC /* libassimp.3.3.1.dylib */; };
		18D0F0381EE1B31400EEECAC /* libassimp.3.dylib in Frameworks */ = {isa = PBXBuildFile; fileRef = 18D0F02B1EE1B31400EEECAC /* libassimp.3.dylib */; };
		18D0F0391EE1B31400EEECAC /* libassimp.dylib in Frameworks */ = {isa = PBXBuildFile; fileRef = 18D0F02C1EE1B31400EEECAC /* libassimp.dylib */; };
		18D0F03A1EE1B31400EEECAC /* libIrrXML.a in Frameworks */ = {isa = PBXBuildFile; fileRef = 18D0F02D1EE1B31400EEECAC /* libIrrXML.a */; };
		18D0F0421EE4D6F200EEECAC /* ModelRenderer.swift in Sources */ = {isa = PBXBuildFile; fileRef = 18D0F0411EE4D6F200EEECAC /* ModelRenderer.swift */; };
		18D0F0441EE4D7CC00EEECAC /* BasicModel.vsh in Resources */ = {isa = PBXBuildFile; fileRef = 18D0F0431EE4D7CC00EEECAC /* BasicModel.vsh */; };
		18D0F0461EE4D7E400EEECAC /* BasicModel.fsh in Resources */ = {isa = PBXBuildFile; fileRef = 18D0F0451EE4D7E400EEECAC /* BasicModel.fsh */; };
		18D331301F17237B00C5B2A5 /* BlinnPhongRenderer.swift in Sources */ = {isa = PBXBuildFile; fileRef = 18D3312F1F17237B00C5B2A5 /* BlinnPhongRenderer.swift */; };
		18D331321F172AC400C5B2A5 /* BlinnPhong.vsh in Resources */ = {isa = PBXBuildFile; fileRef = 18D331311F172AC400C5B2A5 /* BlinnPhong.vsh */; };
		18D331341F172B6A00C5B2A5 /* BlinnPhong.fsh in Resources */ = {isa = PBXBuildFile; fileRef = 18D331331F172B6A00C5B2A5 /* BlinnPhong.fsh */; };
		18D331361F19D05900C5B2A5 /* DepthMapRenderer.swift in Sources */ = {isa = PBXBuildFile; fileRef = 18D331351F19D05900C5B2A5 /* DepthMapRenderer.swift */; };
		18D331381F19D1A500C5B2A5 /* Depthmap.vsh in Resources */ = {isa = PBXBuildFile; fileRef = 18D331371F19D1A500C5B2A5 /* Depthmap.vsh */; };
		18D3313A1F19D1B900C5B2A5 /* Depthmap.fsh in Resources */ = {isa = PBXBuildFile; fileRef = 18D331391F19D1B900C5B2A5 /* Depthmap.fsh */; };
		18D3313C1F19D20D00C5B2A5 /* DebugDepthQuad.vsh in Resources */ = {isa = PBXBuildFile; fileRef = 18D3313B1F19D20D00C5B2A5 /* DebugDepthQuad.vsh */; };
		18D3313E1F19D22600C5B2A5 /* DebugDepthQuad.fsh in Resources */ = {isa = PBXBuildFile; fileRef = 18D3313D1F19D22600C5B2A5 /* DebugDepthQuad.fsh */; };
		18D331421F1CD49A00C5B2A5 /* MyOpenGLFramebufferForDepthMap.swift in Sources */ = {isa = PBXBuildFile; fileRef = 18D331411F1CD49A00C5B2A5 /* MyOpenGLFramebufferForDepthMap.swift */; };
		18D331441F1CE3E900C5B2A5 /* ShadowMappingRenderer.swift in Sources */ = {isa = PBXBuildFile; fileRef = 18D331431F1CE3E900C5B2A5 /* ShadowMappingRenderer.swift */; };
		18D331461F1CE56300C5B2A5 /* ShadowMapping.vsh in Resources */ = {isa = PBXBuildFile; fileRef = 18D331451F1CE56300C5B2A5 /* ShadowMapping.vsh */; };
		18D331481F1CE5A100C5B2A5 /* ShadowMapping.fsh in Resources */ = {isa = PBXBuildFile; fileRef = 18D331471F1CE5A100C5B2A5 /* ShadowMapping.fsh */; };
		18D3314A1F1F8C0E00C5B2A5 /* PointShadowRenderer.swift in Sources */ = {isa = PBXBuildFile; fileRef = 18D331491F1F8C0E00C5B2A5 /* PointShadowRenderer.swift */; };
		18D3314C1F206B6200C5B2A5 /* MyOpenGLFramebufferForDepthCubemap.swift in Sources */ = {isa = PBXBuildFile; fileRef = 18D3314B1F206B6200C5B2A5 /* MyOpenGLFramebufferForDepthCubemap.swift */; };
		18D3314E1F20CD8000C5B2A5 /* PointShadow.vsh in Resources */ = {isa = PBXBuildFile; fileRef = 18D3314D1F20CD8000C5B2A5 /* PointShadow.vsh */; };
		18D331501F20CD9200C5B2A5 /* PointShadow.fsh in Resources */ = {isa = PBXBuildFile; fileRef = 18D3314F1F20CD9200C5B2A5 /* PointShadow.fsh */; };
		18D331521F20CDF600C5B2A5 /* PointShadowDepth.fsh in Resources */ = {isa = PBXBuildFile; fileRef = 18D331511F20CDF600C5B2A5 /* PointShadowDepth.fsh */; };
		18D331541F20CE0100C5B2A5 /* PointShadowDepth.vsh in Resources */ = {isa = PBXBuildFile; fileRef = 18D331531F20CE0100C5B2A5 /* PointShadowDepth.vsh */; };
		18D331561F20CE0C00C5B2A5 /* PointShadowDepth.gsh in Resources */ = {isa = PBXBuildFile; fileRef = 18D331551F20CE0C00C5B2A5 /* PointShadowDepth.gsh */; };
		18EF47A81EFAAA5200A79D09 /* FramebufferRenderer.swift in Sources */ = {isa = PBXBuildFile; fileRef = 18EF47A71EFAAA5200A79D09 /* FramebufferRenderer.swift */; };
		18EF47AA1EFAAC4300A79D09 /* FramebufferScreen.vsh in Resources */ = {isa = PBXBuildFile; fileRef = 18EF47A91EFAAC4300A79D09 /* FramebufferScreen.vsh */; };
		18EF47AC1EFAACCA00A79D09 /* FramebufferScreen.fsh in Resources */ = {isa = PBXBuildFile; fileRef = 18EF47AB1EFAACCA00A79D09 /* FramebufferScreen.fsh */; };
		18EF47B01EFCD36E00A79D09 /* Skybox.vsh in Resources */ = {isa = PBXBuildFile; fileRef = 18EF47AF1EFCD36E00A79D09 /* Skybox.vsh */; };
		18EF47B21EFCD3EC00A79D09 /* Skybox.fsh in Resources */ = {isa = PBXBuildFile; fileRef = 18EF47B11EFCD3EC00A79D09 /* Skybox.fsh */; };
		18EF47B41EFD634B00A79D09 /* SkyboxRenderer.swift in Sources */ = {isa = PBXBuildFile; fileRef = 18EF47B31EFD634B00A79D09 /* SkyboxRenderer.swift */; };
		18EF47B61EFE38E300A79D09 /* MyOpenGLCubemapTexture.swift in Sources */ = {isa = PBXBuildFile; fileRef = 18EF47B51EFE38E300A79D09 /* MyOpenGLCubemapTexture.swift */; };
		18EF47B81EFEB67600A79D09 /* SkyboxReflectRenderer.swift in Sources */ = {isa = PBXBuildFile; fileRef = 18EF47B71EFEB67600A79D09 /* SkyboxReflectRenderer.swift */; };
		18EF47BA1EFEB73A00A79D09 /* SkyboxReflectCube.vsh in Resources */ = {isa = PBXBuildFile; fileRef = 18EF47B91EFEB73A00A79D09 /* SkyboxReflectCube.vsh */; };
		18EF47BC1EFEB74600A79D09 /* SkyboxReflectCube.fsh in Resources */ = {isa = PBXBuildFile; fileRef = 18EF47BB1EFEB74600A79D09 /* SkyboxReflectCube.fsh */; };
		18F1CCA71EF4F8F400F03C68 /* MyOpenGLVertexObject.swift in Sources */ = {isa = PBXBuildFile; fileRef = 18F1CCA61EF4F8F400F03C68 /* MyOpenGLVertexObject.swift */; };
		D1088F121E704C6200C060FF /* MyOpenGLView.swift in Sources */ = {isa = PBXBuildFile; fileRef = D1088F111E704C6200C060FF /* MyOpenGLView.swift */; };
		D15650111E647504008B5428 /* AppDelegate.swift in Sources */ = {isa = PBXBuildFile; fileRef = D15650101E647504008B5428 /* AppDelegate.swift */; };
		D15650131E647504008B5428 /* ViewController.swift in Sources */ = {isa = PBXBuildFile; fileRef = D15650121E647504008B5428 /* ViewController.swift */; };
		D15650151E647505008B5428 /* Assets.xcassets in Resources */ = {isa = PBXBuildFile; fileRef = D15650141E647505008B5428 /* Assets.xcassets */; };
		D15650181E647505008B5428 /* Main.storyboard in Resources */ = {isa = PBXBuildFile; fileRef = D15650161E647505008B5428 /* Main.storyboard */; };
/* End PBXBuildFile section */

/* Begin PBXFileReference section */
		180056C61EEE478800446954 /* DepthTestRenderer.swift */ = {isa = PBXFileReference; fileEncoding = 4; lastKnownFileType = sourcecode.swift; path = DepthTestRenderer.swift; sourceTree = "<group>"; };
		180056C81EEE4D9C00446954 /* DepthTest.vsh */ = {isa = PBXFileReference; fileEncoding = 4; lastKnownFileType = sourcecode.glsl; path = DepthTest.vsh; sourceTree = "<group>"; };
		180056CA1EEE4DB300446954 /* DepthTest.fsh */ = {isa = PBXFileReference; fileEncoding = 4; lastKnownFileType = sourcecode.glsl; path = DepthTest.fsh; sourceTree = "<group>"; };
		180056CC1EEFA36C00446954 /* StencilOutlineRenderer.swift */ = {isa = PBXFileReference; fileEncoding = 4; lastKnownFileType = sourcecode.swift; path = StencilOutlineRenderer.swift; sourceTree = "<group>"; };
		180056CE1EEFA41600446954 /* StencilTestSingleColor.fsh */ = {isa = PBXFileReference; fileEncoding = 4; lastKnownFileType = sourcecode.glsl; path = StencilTestSingleColor.fsh; sourceTree = "<group>"; };
		180056D01EF4F32300446954 /* GrassBlendRenderer.swift */ = {isa = PBXFileReference; fileEncoding = 4; lastKnownFileType = sourcecode.swift; path = GrassBlendRenderer.swift; sourceTree = "<group>"; };
		180CD3181EDB1BEC00AD5364 /* SpinningLampRenderer.swift */ = {isa = PBXFileReference; fileEncoding = 4; lastKnownFileType = sourcecode.swift; path = SpinningLampRenderer.swift; sourceTree = "<group>"; };
		180CD31A1EDB2BFA00AD5364 /* LightingWithMaterialRenderer.swift */ = {isa = PBXFileReference; fileEncoding = 4; lastKnownFileType = sourcecode.swift; path = LightingWithMaterialRenderer.swift; sourceTree = "<group>"; };
		180CD31C1EDB2C7400AD5364 /* LightingWithMaterial.fsh */ = {isa = PBXFileReference; fileEncoding = 4; lastKnownFileType = sourcecode.glsl; path = LightingWithMaterial.fsh; sourceTree = "<group>"; };
		181E25B51EF57B95007CF90A /* Blending.fsh */ = {isa = PBXFileReference; fileEncoding = 4; lastKnownFileType = sourcecode.glsl; path = Blending.fsh; sourceTree = "<group>"; };
		181E25B71EF64CA3007CF90A /* MyOpenGLTextureCache.swift */ = {isa = PBXFileReference; fileEncoding = 4; lastKnownFileType = sourcecode.swift; path = MyOpenGLTextureCache.swift; sourceTree = "<group>"; };
		181E25B91EF664AE007CF90A /* WindowBlendRenderer.swift */ = {isa = PBXFileReference; fileEncoding = 4; lastKnownFileType = sourcecode.swift; path = WindowBlendRenderer.swift; sourceTree = "<group>"; };
		184316E51F30340F00B11796 /* NormalMappingRenderer.swift */ = {isa = PBXFileReference; fileEncoding = 4; lastKnownFileType = sourcecode.swift; path = NormalMappingRenderer.swift; sourceTree = "<group>"; };
		184316E71F303D9900B11796 /* NormalMapping.vsh */ = {isa = PBXFileReference; fileEncoding = 4; lastKnownFileType = sourcecode.glsl; path = NormalMapping.vsh; sourceTree = "<group>"; };
		184316E91F303DA500B11796 /* NormalMapping.fsh */ = {isa = PBXFileReference; fileEncoding = 4; lastKnownFileType = sourcecode.glsl; path = NormalMapping.fsh; sourceTree = "<group>"; };
		1851B4AD1F0CA81A009049AE /* Asteroid.vsh */ = {isa = PBXFileReference; fileEncoding = 4; lastKnownFileType = sourcecode.glsl; path = Asteroid.vsh; sourceTree = "<group>"; };
		1851B4AF1F0CA8B3009049AE /* Asteroid.fsh */ = {isa = PBXFileReference; fileEncoding = 4; lastKnownFileType = sourcecode.glsl; path = Asteroid.fsh; sourceTree = "<group>"; };
		1851B4B11F0E7CDC009049AE /* MSAARenderer.swift */ = {isa = PBXFileReference; fileEncoding = 4; lastKnownFileType = sourcecode.swift; path = MSAARenderer.swift; sourceTree = "<group>"; };
		1851B4B31F0E7EF9009049AE /* AntiAlias.vsh */ = {isa = PBXFileReference; fileEncoding = 4; lastKnownFileType = sourcecode.glsl; path = AntiAlias.vsh; sourceTree = "<group>"; };
		1851B4B51F0E7F17009049AE /* AntiAlias.fsh */ = {isa = PBXFileReference; fileEncoding = 4; lastKnownFileType = sourcecode.glsl; path = AntiAlias.fsh; sourceTree = "<group>"; };
		1851B4B71F0E8085009049AE /* MyOpenGLFramebuffer.swift */ = {isa = PBXFileReference; fileEncoding = 4; lastKnownFileType = sourcecode.swift; path = MyOpenGLFramebuffer.swift; sourceTree = "<group>"; };
		185492E31E81FE14009773AE /* TriangleRenderer.swift */ = {isa = PBXFileReference; fileEncoding = 4; lastKnownFileType = sourcecode.swift; path = TriangleRenderer.swift; sourceTree = "<group>"; };
		1878AE371F07AAF0005F8CCA /* AsteroidRenderer.swift */ = {isa = PBXFileReference; fileEncoding = 4; lastKnownFileType = sourcecode.swift; path = AsteroidRenderer.swift; sourceTree = "<group>"; };
		189042BA1EC179AD0083B094 /* MyOpenGLProgram.swift */ = {isa = PBXFileReference; fileEncoding = 4; lastKnownFileType = sourcecode.swift; path = MyOpenGLProgram.swift; sourceTree = "<group>"; };
		189042BC1EC1E99C0083B094 /* RectangleRenderer.swift */ = {isa = PBXFileReference; fileEncoding = 4; lastKnownFileType = sourcecode.swift; path = RectangleRenderer.swift; sourceTree = "<group>"; };
		189578E71ED18B670025196E /* RectanglePerspectiveRenderer.swift */ = {isa = PBXFileReference; fileEncoding = 4; lastKnownFileType = sourcecode.swift; path = RectanglePerspectiveRenderer.swift; sourceTree = "<group>"; };
		189578E91ED19A340025196E /* CubeRenderer.swift */ = {isa = PBXFileReference; fileEncoding = 4; lastKnownFileType = sourcecode.swift; path = CubeRenderer.swift; sourceTree = "<group>"; };
		189578EB1ED1C6DD0025196E /* NCubesRenderer.swift */ = {isa = PBXFileReference; fileEncoding = 4; lastKnownFileType = sourcecode.swift; path = NCubesRenderer.swift; sourceTree = "<group>"; };
		189578EF1ED3D8F00025196E /* MyOpenGLUtils.swift */ = {isa = PBXFileReference; fileEncoding = 4; lastKnownFileType = sourcecode.swift; path = MyOpenGLUtils.swift; sourceTree = "<group>"; };
		189578F11ED3DAA20025196E /* MyOpenGLCamera.swift */ = {isa = PBXFileReference; fileEncoding = 4; lastKnownFileType = sourcecode.swift; path = MyOpenGLCamera.swift; sourceTree = "<group>"; };
		189578F31ED429FE0025196E /* NCubesWithCameraRenderer.swift */ = {isa = PBXFileReference; fileEncoding = 4; lastKnownFileType = sourcecode.swift; path = NCubesWithCameraRenderer.swift; sourceTree = "<group>"; };
		189578F51ED470330025196E /* LightingAndLampRenderer.swift */ = {isa = PBXFileReference; fileEncoding = 4; lastKnownFileType = sourcecode.swift; path = LightingAndLampRenderer.swift; sourceTree = "<group>"; };
		189578F71ED865980025196E /* CircleRenderer.swift */ = {isa = PBXFileReference; fileEncoding = 4; lastKnownFileType = sourcecode.swift; path = CircleRenderer.swift; sourceTree = "<group>"; };
		189578F91EDAA3B70025196E /* Lighting.vsh */ = {isa = PBXFileReference; fileEncoding = 4; lastKnownFileType = sourcecode.glsl; path = Lighting.vsh; sourceTree = "<group>"; };
		189578FB1EDAA4130025196E /* Lighting.fsh */ = {isa = PBXFileReference; fileEncoding = 4; lastKnownFileType = sourcecode.glsl; path = Lighting.fsh; sourceTree = "<group>"; };
		189578FE1EDAA9580025196E /* Triangle.vsh */ = {isa = PBXFileReference; fileEncoding = 4; lastKnownFileType = sourcecode.glsl; path = Triangle.vsh; sourceTree = "<group>"; };
		189579001EDAA9AD0025196E /* Triangle.fsh */ = {isa = PBXFileReference; fileEncoding = 4; lastKnownFileType = sourcecode.glsl; path = Triangle.fsh; sourceTree = "<group>"; };
		189579021EDAAACD0025196E /* Lamp.vsh */ = {isa = PBXFileReference; fileEncoding = 4; lastKnownFileType = sourcecode.glsl; path = Lamp.vsh; sourceTree = "<group>"; };
		189579041EDAAAF10025196E /* Lamp.fsh */ = {isa = PBXFileReference; fileEncoding = 4; lastKnownFileType = sourcecode.glsl; path = Lamp.fsh; sourceTree = "<group>"; };
		18A523FA1F04B1DC0037BAC4 /* UniformBufferObjectRenderer.swift */ = {isa = PBXFileReference; fileEncoding = 4; lastKnownFileType = sourcecode.swift; path = UniformBufferObjectRenderer.swift; sourceTree = "<group>"; };
		18A523FC1F04B38B0037BAC4 /* UniformBufferObject.vsh */ = {isa = PBXFileReference; fileEncoding = 4; lastKnownFileType = sourcecode.glsl; path = UniformBufferObject.vsh; sourceTree = "<group>"; };
		18A523FE1F04B3FB0037BAC4 /* Red.fsh */ = {isa = PBXFileReference; fileEncoding = 4; lastKnownFileType = sourcecode.glsl; path = Red.fsh; sourceTree = "<group>"; };
		18A524001F04B4250037BAC4 /* Green.fsh */ = {isa = PBXFileReference; fileEncoding = 4; lastKnownFileType = sourcecode.glsl; path = Green.fsh; sourceTree = "<group>"; };
		18A524021F04B4360037BAC4 /* Blue.fsh */ = {isa = PBXFileReference; fileEncoding = 4; lastKnownFileType = sourcecode.glsl; path = Blue.fsh; sourceTree = "<group>"; };
		18A524041F04B4450037BAC4 /* Yellow.fsh */ = {isa = PBXFileReference; fileEncoding = 4; lastKnownFileType = sourcecode.glsl; path = Yellow.fsh; sourceTree = "<group>"; };
		18A524061F0548DE0037BAC4 /* GeometryShaderRenderer.swift */ = {isa = PBXFileReference; fileEncoding = 4; lastKnownFileType = sourcecode.swift; path = GeometryShaderRenderer.swift; sourceTree = "<group>"; };
		18A524081F0549900037BAC4 /* GeometryShader.vsh */ = {isa = PBXFileReference; fileEncoding = 4; lastKnownFileType = sourcecode.glsl; path = GeometryShader.vsh; sourceTree = "<group>"; };
		18A5240A1F0549FE0037BAC4 /* GeometryShader.fsh */ = {isa = PBXFileReference; fileEncoding = 4; lastKnownFileType = sourcecode.glsl; path = GeometryShader.fsh; sourceTree = "<group>"; };
		18A5240C1F054A360037BAC4 /* GeometryShader.gsh */ = {isa = PBXFileReference; fileEncoding = 4; lastKnownFileType = sourcecode.glsl; path = GeometryShader.gsh; sourceTree = "<group>"; };
		18A5240E1F076F030037BAC4 /* ModelExplodeRenderer.swift */ = {isa = PBXFileReference; fileEncoding = 4; lastKnownFileType = sourcecode.swift; path = ModelExplodeRenderer.swift; sourceTree = "<group>"; };
		18A524101F0770570037BAC4 /* ModelExplode.vsh */ = {isa = PBXFileReference; fileEncoding = 4; lastKnownFileType = sourcecode.glsl; path = ModelExplode.vsh; sourceTree = "<group>"; };
		18A524121F0771860037BAC4 /* ModelExplode.fsh */ = {isa = PBXFileReference; fileEncoding = 4; lastKnownFileType = sourcecode.glsl; path = ModelExplode.fsh; sourceTree = "<group>"; };
		18A524141F0772540037BAC4 /* ModelExplode.gsh */ = {isa = PBXFileReference; fileEncoding = 4; lastKnownFileType = sourcecode.glsl; path = ModelExplode.gsh; sourceTree = "<group>"; };
		18A524161F0782500037BAC4 /* VisualizeNormalRenderer.swift */ = {isa = PBXFileReference; fileEncoding = 4; lastKnownFileType = sourcecode.swift; path = VisualizeNormalRenderer.swift; sourceTree = "<group>"; };
		18A524181F0783A50037BAC4 /* VisualizeNormal.vsh */ = {isa = PBXFileReference; fileEncoding = 4; lastKnownFileType = sourcecode.glsl; path = VisualizeNormal.vsh; sourceTree = "<group>"; };
		18A5241A1F0784290037BAC4 /* VisualizeNormal.gsh */ = {isa = PBXFileReference; fileEncoding = 4; lastKnownFileType = sourcecode.glsl; path = VisualizeNormal.gsh; sourceTree = "<group>"; };
		18A5241C1F0787E90037BAC4 /* Model.vsh */ = {isa = PBXFileReference; fileEncoding = 4; lastKnownFileType = sourcecode.glsl; path = Model.vsh; sourceTree = "<group>"; };
		18A5241E1F0788090037BAC4 /* Model.fsh */ = {isa = PBXFileReference; fileEncoding = 4; lastKnownFileType = sourcecode.glsl; path = Model.fsh; sourceTree = "<group>"; };
		18A524201F0795A30037BAC4 /* InstancedArrayRenderer.swift */ = {isa = PBXFileReference; fileEncoding = 4; lastKnownFileType = sourcecode.swift; path = InstancedArrayRenderer.swift; sourceTree = "<group>"; };
		18A524221F0796C10037BAC4 /* InstancedArray.vsh */ = {isa = PBXFileReference; fileEncoding = 4; lastKnownFileType = sourcecode.glsl; path = InstancedArray.vsh; sourceTree = "<group>"; };
		18A524241F0797160037BAC4 /* InstancedArray.fsh */ = {isa = PBXFileReference; fileEncoding = 4; lastKnownFileType = sourcecode.glsl; path = InstancedArray.fsh; sourceTree = "<group>"; };
		18AE58421EDB16370029BEAF /* Circle.fsh */ = {isa = PBXFileReference; fileEncoding = 4; lastKnownFileType = sourcecode.glsl; path = Circle.fsh; sourceTree = "<group>"; };
		18AE58441EDB16570029BEAF /* Circle.vsh */ = {isa = PBXFileReference; fileEncoding = 4; lastKnownFileType = sourcecode.glsl; path = Circle.vsh; sourceTree = "<group>"; };
		18AE58461EDB16F80029BEAF /* RectanglePerspective.vsh */ = {isa = PBXFileReference; fileEncoding = 4; lastKnownFileType = sourcecode.glsl; path = RectanglePerspective.vsh; sourceTree = "<group>"; };
		18AE58481EDB17060029BEAF /* RectanglePerspective.fsh */ = {isa = PBXFileReference; fileEncoding = 4; lastKnownFileType = sourcecode.glsl; path = RectanglePerspective.fsh; sourceTree = "<group>"; };
		18B52D551EC5EF6D00BCB1EA /* MyOpenGLTexture.swift */ = {isa = PBXFileReference; fileEncoding = 4; lastKnownFileType = sourcecode.swift; path = MyOpenGLTexture.swift; sourceTree = "<group>"; };
		18B52D571EC6FC9800BCB1EA /* TriangleTextureRenderer.swift */ = {isa = PBXFileReference; fileEncoding = 4; lastKnownFileType = sourcecode.swift; path = TriangleTextureRenderer.swift; sourceTree = "<group>"; };
		18B52D5E1EC7096300BCB1EA /* RectangleTextureRenderer.swift */ = {isa = PBXFileReference; fileEncoding = 4; lastKnownFileType = sourcecode.swift; path = RectangleTextureRenderer.swift; sourceTree = "<group>"; };
		18B52D601EC832F000BCB1EA /* RectangleRotationRenderer.swift */ = {isa = PBXFileReference; fileEncoding = 4; lastKnownFileType = sourcecode.swift; path = RectangleRotationRenderer.swift; sourceTree = "<group>"; };
		18D0EFC91EDBB0EE00EEECAC /* LightingWithMaps.fsh */ = {isa = PBXFileReference; fileEncoding = 4; lastKnownFileType = sourcecode.glsl; path = LightingWithMaps.fsh; sourceTree = "<group>"; };
		18D0EFCB1EDBB26800EEECAC /* LightingWithMaps.vsh */ = {isa = PBXFileReference; fileEncoding = 4; lastKnownFileType = sourcecode.glsl; path = LightingWithMaps.vsh; sourceTree = "<group>"; };
		18D0EFCD1EDBB31400EEECAC /* LightingWithMapsRenderer.swift */ = {isa = PBXFileReference; fileEncoding = 4; lastKnownFileType = sourcecode.swift; path = LightingWithMapsRenderer.swift; sourceTree = "<group>"; };
		18D0EFCF1EDC3D0C00EEECAC /* DirectionalLightRenderer.swift */ = {isa = PBXFileReference; fileEncoding = 4; lastKnownFileType = sourcecode.swift; path = DirectionalLightRenderer.swift; sourceTree = "<group>"; };
		18D0EFD11EDC3DFC00EEECAC /* DirectionalLight.fsh */ = {isa = PBXFileReference; fileEncoding = 4; lastKnownFileType = sourcecode.glsl; path = DirectionalLight.fsh; sourceTree = "<group>"; };
		18D0EFD31EDC47CB00EEECAC /* PointLight.fsh */ = {isa = PBXFileReference; fileEncoding = 4; lastKnownFileType = sourcecode.glsl; path = PointLight.fsh; sourceTree = "<group>"; };
		18D0EFD51EDC488100EEECAC /* PointLightRenderer.swift */ = {isa = PBXFileReference; fileEncoding = 4; lastKnownFileType = sourcecode.swift; path = PointLightRenderer.swift; sourceTree = "<group>"; };
		18D0EFD71EDC4F9D00EEECAC /* SpotLightRenderer.swift */ = {isa = PBXFileReference; fileEncoding = 4; lastKnownFileType = sourcecode.swift; path = SpotLightRenderer.swift; sourceTree = "<group>"; };
		18D0EFD91EDC4FE900EEECAC /* SpotLight.fsh */ = {isa = PBXFileReference; fileEncoding = 4; lastKnownFileType = sourcecode.glsl; path = SpotLight.fsh; sourceTree = "<group>"; };
		18D0EFDB1EDD924200EEECAC /* MultipleLightsRenderer.swift */ = {isa = PBXFileReference; fileEncoding = 4; lastKnownFileType = sourcecode.swift; path = MultipleLightsRenderer.swift; sourceTree = "<group>"; };
		18D0EFDD1EDD930900EEECAC /* MultipleLights.fsh */ = {isa = PBXFileReference; fileEncoding = 4; lastKnownFileType = sourcecode.glsl; path = MultipleLights.fsh; sourceTree = "<group>"; };
		18D0EFDF1EDFC93A00EEECAC /* MyOpenGLMesh.swift */ = {isa = PBXFileReference; fileEncoding = 4; lastKnownFileType = sourcecode.swift; path = MyOpenGLMesh.swift; sourceTree = "<group>"; };
		18D0EFED1EE1B19200EEECAC /* MyOpenGLModel.swift */ = {isa = PBXFileReference; fileEncoding = 4; lastKnownFileType = sourcecode.swift; path = MyOpenGLModel.swift; sourceTree = "<group>"; };
		18D0EFEF1EE1B2AD00EEECAC /* OpenGLScratch-Bridging-Header.h */ = {isa = PBXFileReference; lastKnownFileType = sourcecode.c.h; path = "OpenGLScratch-Bridging-Header.h"; sourceTree = "<group>"; };
		18D0EFF01EE1B2AD00EEECAC /* MyAssimpLoader.mm */ = {isa = PBXFileReference; fileEncoding = 4; lastKnownFileType = sourcecode.cpp.objcpp; path = MyAssimpLoader.mm; sourceTree = "<group>"; };
		18D0EFF51EE1B31400EEECAC /* .editorconfig */ = {isa = PBXFileReference; fileEncoding = 4; lastKnownFileType = text; path = .editorconfig; sourceTree = "<group>"; };
		18D0EFF61EE1B31400EEECAC /* ai_assert.h */ = {isa = PBXFileReference; fileEncoding = 4; lastKnownFileType = sourcecode.c.h; path = ai_assert.h; sourceTree = "<group>"; };
		18D0EFF71EE1B31400EEECAC /* anim.h */ = {isa = PBXFileReference; fileEncoding = 4; lastKnownFileType = sourcecode.c.h; path = anim.h; sourceTree = "<group>"; };
		18D0EFF81EE1B31400EEECAC /* camera.h */ = {isa = PBXFileReference; fileEncoding = 4; lastKnownFileType = sourcecode.c.h; path = camera.h; sourceTree = "<group>"; };
		18D0EFF91EE1B31400EEECAC /* cexport.h */ = {isa = PBXFileReference; fileEncoding = 4; lastKnownFileType = sourcecode.c.h; path = cexport.h; sourceTree = "<group>"; };
		18D0EFFA1EE1B31400EEECAC /* cfileio.h */ = {isa = PBXFileReference; fileEncoding = 4; lastKnownFileType = sourcecode.c.h; path = cfileio.h; sourceTree = "<group>"; };
		18D0EFFB1EE1B31400EEECAC /* cimport.h */ = {isa = PBXFileReference; fileEncoding = 4; lastKnownFileType = sourcecode.c.h; path = cimport.h; sourceTree = "<group>"; };
		18D0EFFC1EE1B31400EEECAC /* color4.h */ = {isa = PBXFileReference; fileEncoding = 4; lastKnownFileType = sourcecode.c.h; path = color4.h; sourceTree = "<group>"; };
		18D0EFFD1EE1B31400EEECAC /* color4.inl */ = {isa = PBXFileReference; fileEncoding = 4; lastKnownFileType = text; path = color4.inl; sourceTree = "<group>"; };
		18D0EFFF1EE1B31400EEECAC /* poppack1.h */ = {isa = PBXFileReference; fileEncoding = 4; lastKnownFileType = sourcecode.c.h; path = poppack1.h; sourceTree = "<group>"; };
		18D0F0001EE1B31400EEECAC /* pstdint.h */ = {isa = PBXFileReference; fileEncoding = 4; lastKnownFileType = sourcecode.c.h; path = pstdint.h; sourceTree = "<group>"; };
		18D0F0011EE1B31400EEECAC /* pushpack1.h */ = {isa = PBXFileReference; fileEncoding = 4; lastKnownFileType = sourcecode.c.h; path = pushpack1.h; sourceTree = "<group>"; };
		18D0F0021EE1B31400EEECAC /* config.h */ = {isa = PBXFileReference; fileEncoding = 4; lastKnownFileType = sourcecode.c.h; path = config.h; sourceTree = "<group>"; };
		18D0F0031EE1B31400EEECAC /* config.h.in */ = {isa = PBXFileReference; fileEncoding = 4; lastKnownFileType = text; path = config.h.in; sourceTree = "<group>"; };
		18D0F0041EE1B31400EEECAC /* DefaultIOStream.h */ = {isa = PBXFileReference; fileEncoding = 4; lastKnownFileType = sourcecode.c.h; path = DefaultIOStream.h; sourceTree = "<group>"; };
		18D0F0051EE1B31400EEECAC /* DefaultIOSystem.h */ = {isa = PBXFileReference; fileEncoding = 4; lastKnownFileType = sourcecode.c.h; path = DefaultIOSystem.h; sourceTree = "<group>"; };
		18D0F0061EE1B31400EEECAC /* DefaultLogger.hpp */ = {isa = PBXFileReference; fileEncoding = 4; lastKnownFileType = sourcecode.cpp.h; path = DefaultLogger.hpp; sourceTree = "<group>"; };
		18D0F0071EE1B31400EEECAC /* Defines.h */ = {isa = PBXFileReference; fileEncoding = 4; lastKnownFileType = sourcecode.c.h; path = Defines.h; sourceTree = "<group>"; };
		18D0F0081EE1B31400EEECAC /* defs.h */ = {isa = PBXFileReference; fileEncoding = 4; lastKnownFileType = sourcecode.c.h; path = defs.h; sourceTree = "<group>"; };
		18D0F0091EE1B31400EEECAC /* Exporter.hpp */ = {isa = PBXFileReference; fileEncoding = 4; lastKnownFileType = sourcecode.cpp.h; path = Exporter.hpp; sourceTree = "<group>"; };
		18D0F00A1EE1B31400EEECAC /* Importer.hpp */ = {isa = PBXFileReference; fileEncoding = 4; lastKnownFileType = sourcecode.cpp.h; path = Importer.hpp; sourceTree = "<group>"; };
		18D0F00B1EE1B31400EEECAC /* importerdesc.h */ = {isa = PBXFileReference; fileEncoding = 4; lastKnownFileType = sourcecode.c.h; path = importerdesc.h; sourceTree = "<group>"; };
		18D0F00C1EE1B31400EEECAC /* IOStream.hpp */ = {isa = PBXFileReference; fileEncoding = 4; lastKnownFileType = sourcecode.cpp.h; path = IOStream.hpp; sourceTree = "<group>"; };
		18D0F00D1EE1B31400EEECAC /* IOSystem.hpp */ = {isa = PBXFileReference; fileEncoding = 4; lastKnownFileType = sourcecode.cpp.h; path = IOSystem.hpp; sourceTree = "<group>"; };
		18D0F00E1EE1B31400EEECAC /* light.h */ = {isa = PBXFileReference; fileEncoding = 4; lastKnownFileType = sourcecode.c.h; path = light.h; sourceTree = "<group>"; };
		18D0F00F1EE1B31400EEECAC /* Logger.hpp */ = {isa = PBXFileReference; fileEncoding = 4; lastKnownFileType = sourcecode.cpp.h; path = Logger.hpp; sourceTree = "<group>"; };
		18D0F0101EE1B31400EEECAC /* LogStream.hpp */ = {isa = PBXFileReference; fileEncoding = 4; lastKnownFileType = sourcecode.cpp.h; path = LogStream.hpp; sourceTree = "<group>"; };
		18D0F0111EE1B31400EEECAC /* material.h */ = {isa = PBXFileReference; fileEncoding = 4; lastKnownFileType = sourcecode.c.h; path = material.h; sourceTree = "<group>"; };
		18D0F0121EE1B31400EEECAC /* material.inl */ = {isa = PBXFileReference; fileEncoding = 4; lastKnownFileType = text; path = material.inl; sourceTree = "<group>"; };
		18D0F0131EE1B31400EEECAC /* matrix3x3.h */ = {isa = PBXFileReference; fileEncoding = 4; lastKnownFileType = sourcecode.c.h; path = matrix3x3.h; sourceTree = "<group>"; };
		18D0F0141EE1B31400EEECAC /* matrix3x3.inl */ = {isa = PBXFileReference; fileEncoding = 4; lastKnownFileType = text; path = matrix3x3.inl; sourceTree = "<group>"; };
		18D0F0151EE1B31400EEECAC /* matrix4x4.h */ = {isa = PBXFileReference; fileEncoding = 4; lastKnownFileType = sourcecode.c.h; path = matrix4x4.h; sourceTree = "<group>"; };
		18D0F0161EE1B31400EEECAC /* matrix4x4.inl */ = {isa = PBXFileReference; fileEncoding = 4; lastKnownFileType = text; path = matrix4x4.inl; sourceTree = "<group>"; };
		18D0F0171EE1B31400EEECAC /* mesh.h */ = {isa = PBXFileReference; fileEncoding = 4; lastKnownFileType = sourcecode.c.h; path = mesh.h; sourceTree = "<group>"; };
		18D0F0181EE1B31400EEECAC /* metadata.h */ = {isa = PBXFileReference; fileEncoding = 4; lastKnownFileType = sourcecode.c.h; path = metadata.h; sourceTree = "<group>"; };
		18D0F0191EE1B31400EEECAC /* NullLogger.hpp */ = {isa = PBXFileReference; fileEncoding = 4; lastKnownFileType = sourcecode.cpp.h; path = NullLogger.hpp; sourceTree = "<group>"; };
		18D0F01C1EE1B31400EEECAC /* AndroidJNIIOSystem.h */ = {isa = PBXFileReference; fileEncoding = 4; lastKnownFileType = sourcecode.c.h; path = AndroidJNIIOSystem.h; sourceTree = "<group>"; };
		18D0F01D1EE1B31400EEECAC /* postprocess.h */ = {isa = PBXFileReference; fileEncoding = 4; lastKnownFileType = sourcecode.c.h; path = postprocess.h; sourceTree = "<group>"; };
		18D0F01E1EE1B31400EEECAC /* ProgressHandler.hpp */ = {isa = PBXFileReference; fileEncoding = 4; lastKnownFileType = sourcecode.cpp.h; path = ProgressHandler.hpp; sourceTree = "<group>"; };
		18D0F01F1EE1B31400EEECAC /* quaternion.h */ = {isa = PBXFileReference; fileEncoding = 4; lastKnownFileType = sourcecode.c.h; path = quaternion.h; sourceTree = "<group>"; };
		18D0F0201EE1B31400EEECAC /* quaternion.inl */ = {isa = PBXFileReference; fileEncoding = 4; lastKnownFileType = text; path = quaternion.inl; sourceTree = "<group>"; };
		18D0F0211EE1B31400EEECAC /* scene.h */ = {isa = PBXFileReference; fileEncoding = 4; lastKnownFileType = sourcecode.c.h; path = scene.h; sourceTree = "<group>"; };
		18D0F0221EE1B31400EEECAC /* texture.h */ = {isa = PBXFileReference; fileEncoding = 4; lastKnownFileType = sourcecode.c.h; path = texture.h; sourceTree = "<group>"; };
		18D0F0231EE1B31400EEECAC /* types.h */ = {isa = PBXFileReference; fileEncoding = 4; lastKnownFileType = sourcecode.c.h; path = types.h; sourceTree = "<group>"; };
		18D0F0241EE1B31400EEECAC /* vector2.h */ = {isa = PBXFileReference; fileEncoding = 4; lastKnownFileType = sourcecode.c.h; path = vector2.h; sourceTree = "<group>"; };
		18D0F0251EE1B31400EEECAC /* vector2.inl */ = {isa = PBXFileReference; fileEncoding = 4; lastKnownFileType = text; path = vector2.inl; sourceTree = "<group>"; };
		18D0F0261EE1B31400EEECAC /* vector3.h */ = {isa = PBXFileReference; fileEncoding = 4; lastKnownFileType = sourcecode.c.h; path = vector3.h; sourceTree = "<group>"; };
		18D0F0271EE1B31400EEECAC /* vector3.inl */ = {isa = PBXFileReference; fileEncoding = 4; lastKnownFileType = text; path = vector3.inl; sourceTree = "<group>"; };
		18D0F0281EE1B31400EEECAC /* version.h */ = {isa = PBXFileReference; fileEncoding = 4; lastKnownFileType = sourcecode.c.h; path = version.h; sourceTree = "<group>"; };
		18D0F02A1EE1B31400EEECAC /* libassimp.3.3.1.dylib */ = {isa = PBXFileReference; lastKnownFileType = "compiled.mach-o.dylib"; path = libassimp.3.3.1.dylib; sourceTree = "<group>"; };
		18D0F02B1EE1B31400EEECAC /* libassimp.3.dylib */ = {isa = PBXFileReference; lastKnownFileType = "compiled.mach-o.dylib"; path = libassimp.3.dylib; sourceTree = "<group>"; };
		18D0F02C1EE1B31400EEECAC /* libassimp.dylib */ = {isa = PBXFileReference; lastKnownFileType = "compiled.mach-o.dylib"; path = libassimp.dylib; sourceTree = "<group>"; };
		18D0F02D1EE1B31400EEECAC /* libIrrXML.a */ = {isa = PBXFileReference; lastKnownFileType = archive.ar; path = libIrrXML.a; sourceTree = "<group>"; };
		18D0F03B1EE1BC9700EEECAC /* MyAssimpLoader.h */ = {isa = PBXFileReference; lastKnownFileType = sourcecode.c.h; path = MyAssimpLoader.h; sourceTree = "<group>"; };
		18D0F0411EE4D6F200EEECAC /* ModelRenderer.swift */ = {isa = PBXFileReference; fileEncoding = 4; lastKnownFileType = sourcecode.swift; path = ModelRenderer.swift; sourceTree = "<group>"; };
		18D0F0431EE4D7CC00EEECAC /* BasicModel.vsh */ = {isa = PBXFileReference; fileEncoding = 4; lastKnownFileType = sourcecode.glsl; path = BasicModel.vsh; sourceTree = "<group>"; };
		18D0F0451EE4D7E400EEECAC /* BasicModel.fsh */ = {isa = PBXFileReference; fileEncoding = 4; lastKnownFileType = sourcecode.glsl; path = BasicModel.fsh; sourceTree = "<group>"; };
		18D3312F1F17237B00C5B2A5 /* BlinnPhongRenderer.swift */ = {isa = PBXFileReference; fileEncoding = 4; lastKnownFileType = sourcecode.swift; path = BlinnPhongRenderer.swift; sourceTree = "<group>"; };
		18D331311F172AC400C5B2A5 /* BlinnPhong.vsh */ = {isa = PBXFileReference; fileEncoding = 4; lastKnownFileType = sourcecode.glsl; path = BlinnPhong.vsh; sourceTree = "<group>"; };
		18D331331F172B6A00C5B2A5 /* BlinnPhong.fsh */ = {isa = PBXFileReference; fileEncoding = 4; lastKnownFileType = sourcecode.glsl; path = BlinnPhong.fsh; sourceTree = "<group>"; };
		18D331351F19D05900C5B2A5 /* DepthMapRenderer.swift */ = {isa = PBXFileReference; fileEncoding = 4; lastKnownFileType = sourcecode.swift; path = DepthMapRenderer.swift; sourceTree = "<group>"; };
		18D331371F19D1A500C5B2A5 /* Depthmap.vsh */ = {isa = PBXFileReference; fileEncoding = 4; lastKnownFileType = sourcecode.glsl; path = Depthmap.vsh; sourceTree = "<group>"; };
		18D331391F19D1B900C5B2A5 /* Depthmap.fsh */ = {isa = PBXFileReference; fileEncoding = 4; lastKnownFileType = sourcecode.glsl; path = Depthmap.fsh; sourceTree = "<group>"; };
		18D3313B1F19D20D00C5B2A5 /* DebugDepthQuad.vsh */ = {isa = PBXFileReference; fileEncoding = 4; lastKnownFileType = sourcecode.glsl; path = DebugDepthQuad.vsh; sourceTree = "<group>"; };
		18D3313D1F19D22600C5B2A5 /* DebugDepthQuad.fsh */ = {isa = PBXFileReference; fileEncoding = 4; lastKnownFileType = sourcecode.glsl; path = DebugDepthQuad.fsh; sourceTree = "<group>"; };
		18D331411F1CD49A00C5B2A5 /* MyOpenGLFramebufferForDepthMap.swift */ = {isa = PBXFileReference; fileEncoding = 4; lastKnownFileType = sourcecode.swift; path = MyOpenGLFramebufferForDepthMap.swift; sourceTree = "<group>"; };
		18D331431F1CE3E900C5B2A5 /* ShadowMappingRenderer.swift */ = {isa = PBXFileReference; fileEncoding = 4; lastKnownFileType = sourcecode.swift; path = ShadowMappingRenderer.swift; sourceTree = "<group>"; };
		18D331451F1CE56300C5B2A5 /* ShadowMapping.vsh */ = {isa = PBXFileReference; fileEncoding = 4; lastKnownFileType = sourcecode.glsl; path = ShadowMapping.vsh; sourceTree = "<group>"; };
		18D331471F1CE5A100C5B2A5 /* ShadowMapping.fsh */ = {isa = PBXFileReference; fileEncoding = 4; lastKnownFileType = sourcecode.glsl; path = ShadowMapping.fsh; sourceTree = "<group>"; };
		18D331491F1F8C0E00C5B2A5 /* PointShadowRenderer.swift */ = {isa = PBXFileReference; fileEncoding = 4; lastKnownFileType = sourcecode.swift; path = PointShadowRenderer.swift; sourceTree = "<group>"; };
		18D3314B1F206B6200C5B2A5 /* MyOpenGLFramebufferForDepthCubemap.swift */ = {isa = PBXFileReference; fileEncoding = 4; lastKnownFileType = sourcecode.swift; name = MyOpenGLFramebufferForDepthCubemap.swift; path = Renderer/MyOpenGLFramebufferForDepthCubemap.swift; sourceTree = "<group>"; };
		18D3314D1F20CD8000C5B2A5 /* PointShadow.vsh */ = {isa = PBXFileReference; fileEncoding = 4; lastKnownFileType = sourcecode.glsl; path = PointShadow.vsh; sourceTree = "<group>"; };
		18D3314F1F20CD9200C5B2A5 /* PointShadow.fsh */ = {isa = PBXFileReference; fileEncoding = 4; lastKnownFileType = sourcecode.glsl; path = PointShadow.fsh; sourceTree = "<group>"; };
		18D331511F20CDF600C5B2A5 /* PointShadowDepth.fsh */ = {isa = PBXFileReference; fileEncoding = 4; lastKnownFileType = sourcecode.glsl; path = PointShadowDepth.fsh; sourceTree = "<group>"; };
		18D331531F20CE0100C5B2A5 /* PointShadowDepth.vsh */ = {isa = PBXFileReference; fileEncoding = 4; lastKnownFileType = sourcecode.glsl; path = PointShadowDepth.vsh; sourceTree = "<group>"; };
		18D331551F20CE0C00C5B2A5 /* PointShadowDepth.gsh */ = {isa = PBXFileReference; fileEncoding = 4; lastKnownFileType = sourcecode.glsl; path = PointShadowDepth.gsh; sourceTree = "<group>"; };
		18EF47A71EFAAA5200A79D09 /* FramebufferRenderer.swift */ = {isa = PBXFileReference; fileEncoding = 4; lastKnownFileType = sourcecode.swift; path = FramebufferRenderer.swift; sourceTree = "<group>"; };
		18EF47A91EFAAC4300A79D09 /* FramebufferScreen.vsh */ = {isa = PBXFileReference; fileEncoding = 4; lastKnownFileType = sourcecode.glsl; path = FramebufferScreen.vsh; sourceTree = "<group>"; };
		18EF47AB1EFAACCA00A79D09 /* FramebufferScreen.fsh */ = {isa = PBXFileReference; fileEncoding = 4; lastKnownFileType = sourcecode.glsl; path = FramebufferScreen.fsh; sourceTree = "<group>"; };
		18EF47AF1EFCD36E00A79D09 /* Skybox.vsh */ = {isa = PBXFileReference; fileEncoding = 4; lastKnownFileType = sourcecode.glsl; path = Skybox.vsh; sourceTree = "<group>"; };
		18EF47B11EFCD3EC00A79D09 /* Skybox.fsh */ = {isa = PBXFileReference; fileEncoding = 4; lastKnownFileType = sourcecode.glsl; path = Skybox.fsh; sourceTree = "<group>"; };
		18EF47B31EFD634B00A79D09 /* SkyboxRenderer.swift */ = {isa = PBXFileReference; fileEncoding = 4; lastKnownFileType = sourcecode.swift; path = SkyboxRenderer.swift; sourceTree = "<group>"; };
		18EF47B51EFE38E300A79D09 /* MyOpenGLCubemapTexture.swift */ = {isa = PBXFileReference; fileEncoding = 4; lastKnownFileType = sourcecode.swift; path = MyOpenGLCubemapTexture.swift; sourceTree = "<group>"; };
		18EF47B71EFEB67600A79D09 /* SkyboxReflectRenderer.swift */ = {isa = PBXFileReference; fileEncoding = 4; lastKnownFileType = sourcecode.swift; path = SkyboxReflectRenderer.swift; sourceTree = "<group>"; };
		18EF47B91EFEB73A00A79D09 /* SkyboxReflectCube.vsh */ = {isa = PBXFileReference; fileEncoding = 4; lastKnownFileType = sourcecode.glsl; path = SkyboxReflectCube.vsh; sourceTree = "<group>"; };
		18EF47BB1EFEB74600A79D09 /* SkyboxReflectCube.fsh */ = {isa = PBXFileReference; fileEncoding = 4; lastKnownFileType = sourcecode.glsl; path = SkyboxReflectCube.fsh; sourceTree = "<group>"; };
		18F1CCA61EF4F8F400F03C68 /* MyOpenGLVertexObject.swift */ = {isa = PBXFileReference; fileEncoding = 4; lastKnownFileType = sourcecode.swift; path = MyOpenGLVertexObject.swift; sourceTree = "<group>"; };
		D1088F111E704C6200C060FF /* MyOpenGLView.swift */ = {isa = PBXFileReference; fileEncoding = 4; lastKnownFileType = sourcecode.swift; path = MyOpenGLView.swift; sourceTree = "<group>"; };
		D156500D1E647504008B5428 /* OpenGLScratch.app */ = {isa = PBXFileReference; explicitFileType = wrapper.application; includeInIndex = 0; path = OpenGLScratch.app; sourceTree = BUILT_PRODUCTS_DIR; };
		D15650101E647504008B5428 /* AppDelegate.swift */ = {isa = PBXFileReference; lastKnownFileType = sourcecode.swift; path = AppDelegate.swift; sourceTree = "<group>"; };
		D15650121E647504008B5428 /* ViewController.swift */ = {isa = PBXFileReference; lastKnownFileType = sourcecode.swift; path = ViewController.swift; sourceTree = "<group>"; };
		D15650141E647505008B5428 /* Assets.xcassets */ = {isa = PBXFileReference; lastKnownFileType = folder.assetcatalog; path = Assets.xcassets; sourceTree = "<group>"; };
		D15650171E647505008B5428 /* Base */ = {isa = PBXFileReference; lastKnownFileType = file.storyboard; name = Base; path = Base.lproj/Main.storyboard; sourceTree = "<group>"; };
		D15650191E647505008B5428 /* Info.plist */ = {isa = PBXFileReference; lastKnownFileType = text.plist.xml; path = Info.plist; sourceTree = "<group>"; };
/* End PBXFileReference section */

/* Begin PBXFrameworksBuildPhase section */
		D156500A1E647503008B5428 /* Frameworks */ = {
			isa = PBXFrameworksBuildPhase;
			buildActionMask = 2147483647;
			files = (
				18D0F0391EE1B31400EEECAC /* libassimp.dylib in Frameworks */,
				18D0F0381EE1B31400EEECAC /* libassimp.3.dylib in Frameworks */,
				18D0F0371EE1B31400EEECAC /* libassimp.3.3.1.dylib in Frameworks */,
				18D0F03A1EE1B31400EEECAC /* libIrrXML.a in Frameworks */,
			);
			runOnlyForDeploymentPostprocessing = 0;
		};
/* End PBXFrameworksBuildPhase section */

/* Begin PBXGroup section */
		189578FD1EDAA4820025196E /* Shader */ = {
			isa = PBXGroup;
			children = (
				189578F91EDAA3B70025196E /* Lighting.vsh */,
				189578FB1EDAA4130025196E /* Lighting.fsh */,
				189578FE1EDAA9580025196E /* Triangle.vsh */,
				189579001EDAA9AD0025196E /* Triangle.fsh */,
				189579041EDAAAF10025196E /* Lamp.fsh */,
				189579021EDAAACD0025196E /* Lamp.vsh */,
				18AE58441EDB16570029BEAF /* Circle.vsh */,
				18AE58421EDB16370029BEAF /* Circle.fsh */,
				18AE58461EDB16F80029BEAF /* RectanglePerspective.vsh */,
				18AE58481EDB17060029BEAF /* RectanglePerspective.fsh */,
				180CD31C1EDB2C7400AD5364 /* LightingWithMaterial.fsh */,
				18D0EFC91EDBB0EE00EEECAC /* LightingWithMaps.fsh */,
				18D0EFCB1EDBB26800EEECAC /* LightingWithMaps.vsh */,
				18D0EFD11EDC3DFC00EEECAC /* DirectionalLight.fsh */,
				18D0EFD31EDC47CB00EEECAC /* PointLight.fsh */,
				18D0EFD91EDC4FE900EEECAC /* SpotLight.fsh */,
				18D0EFDD1EDD930900EEECAC /* MultipleLights.fsh */,
				18D0F0431EE4D7CC00EEECAC /* BasicModel.vsh */,
				18D0F0451EE4D7E400EEECAC /* BasicModel.fsh */,
				180056C81EEE4D9C00446954 /* DepthTest.vsh */,
				180056CA1EEE4DB300446954 /* DepthTest.fsh */,
				180056CE1EEFA41600446954 /* StencilTestSingleColor.fsh */,
				181E25B51EF57B95007CF90A /* Blending.fsh */,
				18EF47A91EFAAC4300A79D09 /* FramebufferScreen.vsh */,
				18EF47AB1EFAACCA00A79D09 /* FramebufferScreen.fsh */,
				18EF47AF1EFCD36E00A79D09 /* Skybox.vsh */,
				18EF47B11EFCD3EC00A79D09 /* Skybox.fsh */,
				18EF47B91EFEB73A00A79D09 /* SkyboxReflectCube.vsh */,
				18EF47BB1EFEB74600A79D09 /* SkyboxReflectCube.fsh */,
				18A523FC1F04B38B0037BAC4 /* UniformBufferObject.vsh */,
				18A523FE1F04B3FB0037BAC4 /* Red.fsh */,
				18A524001F04B4250037BAC4 /* Green.fsh */,
				18A524021F04B4360037BAC4 /* Blue.fsh */,
				18A524041F04B4450037BAC4 /* Yellow.fsh */,
				18A524081F0549900037BAC4 /* GeometryShader.vsh */,
				18A5240A1F0549FE0037BAC4 /* GeometryShader.fsh */,
				18A5240C1F054A360037BAC4 /* GeometryShader.gsh */,
				18A524101F0770570037BAC4 /* ModelExplode.vsh */,
				18A524121F0771860037BAC4 /* ModelExplode.fsh */,
				18A524141F0772540037BAC4 /* ModelExplode.gsh */,
				18A524181F0783A50037BAC4 /* VisualizeNormal.vsh */,
				18A5241A1F0784290037BAC4 /* VisualizeNormal.gsh */,
				18A5241C1F0787E90037BAC4 /* Model.vsh */,
				18A5241E1F0788090037BAC4 /* Model.fsh */,
				18A524221F0796C10037BAC4 /* InstancedArray.vsh */,
				18A524241F0797160037BAC4 /* InstancedArray.fsh */,
				1851B4AD1F0CA81A009049AE /* Asteroid.vsh */,
				1851B4AF1F0CA8B3009049AE /* Asteroid.fsh */,
				1851B4B31F0E7EF9009049AE /* AntiAlias.vsh */,
				1851B4B51F0E7F17009049AE /* AntiAlias.fsh */,
				18D331311F172AC400C5B2A5 /* BlinnPhong.vsh */,
				18D331331F172B6A00C5B2A5 /* BlinnPhong.fsh */,
				18D331371F19D1A500C5B2A5 /* Depthmap.vsh */,
				18D331391F19D1B900C5B2A5 /* Depthmap.fsh */,
				18D3313B1F19D20D00C5B2A5 /* DebugDepthQuad.vsh */,
				18D3313D1F19D22600C5B2A5 /* DebugDepthQuad.fsh */,
				18D331451F1CE56300C5B2A5 /* ShadowMapping.vsh */,
				18D331471F1CE5A100C5B2A5 /* ShadowMapping.fsh */,
				18D3314D1F20CD8000C5B2A5 /* PointShadow.vsh */,
				18D3314F1F20CD9200C5B2A5 /* PointShadow.fsh */,
				18D331531F20CE0100C5B2A5 /* PointShadowDepth.vsh */,
				18D331551F20CE0C00C5B2A5 /* PointShadowDepth.gsh */,
				18D331511F20CDF600C5B2A5 /* PointShadowDepth.fsh */,
				184316E71F303D9900B11796 /* NormalMapping.vsh */,
				184316E91F303DA500B11796 /* NormalMapping.fsh */,
			);
			name = Shader;
			path = Sharder;
			sourceTree = "<group>";
		};
		18AE584A1EDB18C40029BEAF /* Renderer */ = {
			isa = PBXGroup;
			children = (
				185492E31E81FE14009773AE /* TriangleRenderer.swift */,
				189042BC1EC1E99C0083B094 /* RectangleRenderer.swift */,
				18B52D571EC6FC9800BCB1EA /* TriangleTextureRenderer.swift */,
				18B52D5E1EC7096300BCB1EA /* RectangleTextureRenderer.swift */,
				18B52D601EC832F000BCB1EA /* RectangleRotationRenderer.swift */,
				189578E71ED18B670025196E /* RectanglePerspectiveRenderer.swift */,
				189578E91ED19A340025196E /* CubeRenderer.swift */,
				189578EB1ED1C6DD0025196E /* NCubesRenderer.swift */,
				189578F31ED429FE0025196E /* NCubesWithCameraRenderer.swift */,
				189578F51ED470330025196E /* LightingAndLampRenderer.swift */,
				189578F71ED865980025196E /* CircleRenderer.swift */,
				180CD3181EDB1BEC00AD5364 /* SpinningLampRenderer.swift */,
				180CD31A1EDB2BFA00AD5364 /* LightingWithMaterialRenderer.swift */,
				18D0EFCD1EDBB31400EEECAC /* LightingWithMapsRenderer.swift */,
				18D0EFCF1EDC3D0C00EEECAC /* DirectionalLightRenderer.swift */,
				18D0EFD51EDC488100EEECAC /* PointLightRenderer.swift */,
				18D0EFD71EDC4F9D00EEECAC /* SpotLightRenderer.swift */,
				18D0EFDB1EDD924200EEECAC /* MultipleLightsRenderer.swift */,
				18D0F0411EE4D6F200EEECAC /* ModelRenderer.swift */,
				180056C61EEE478800446954 /* DepthTestRenderer.swift */,
				180056CC1EEFA36C00446954 /* StencilOutlineRenderer.swift */,
				180056D01EF4F32300446954 /* GrassBlendRenderer.swift */,
				181E25B91EF664AE007CF90A /* WindowBlendRenderer.swift */,
				18EF47A71EFAAA5200A79D09 /* FramebufferRenderer.swift */,
				18EF47B31EFD634B00A79D09 /* SkyboxRenderer.swift */,
				18EF47B71EFEB67600A79D09 /* SkyboxReflectRenderer.swift */,
				18A523FA1F04B1DC0037BAC4 /* UniformBufferObjectRenderer.swift */,
				18A524061F0548DE0037BAC4 /* GeometryShaderRenderer.swift */,
				18A5240E1F076F030037BAC4 /* ModelExplodeRenderer.swift */,
				18A524161F0782500037BAC4 /* VisualizeNormalRenderer.swift */,
				18A524201F0795A30037BAC4 /* InstancedArrayRenderer.swift */,
				1878AE371F07AAF0005F8CCA /* AsteroidRenderer.swift */,
				1851B4B11F0E7CDC009049AE /* MSAARenderer.swift */,
				18D3312F1F17237B00C5B2A5 /* BlinnPhongRenderer.swift */,
				18D331351F19D05900C5B2A5 /* DepthMapRenderer.swift */,
				18D331431F1CE3E900C5B2A5 /* ShadowMappingRenderer.swift */,
				18D331491F1F8C0E00C5B2A5 /* PointShadowRenderer.swift */,
				184316E51F30340F00B11796 /* NormalMappingRenderer.swift */,
			);
			path = Renderer;
			sourceTree = "<group>";
		};
		18D0EFF21EE1B31400EEECAC /* assimp */ = {
			isa = PBXGroup;
			children = (
				18D0EFF31EE1B31400EEECAC /* include */,
				18D0F0291EE1B31400EEECAC /* lib */,
			);
			path = assimp;
			sourceTree = "<group>";
		};
		18D0EFF31EE1B31400EEECAC /* include */ = {
			isa = PBXGroup;
			children = (
				18D0EFF41EE1B31400EEECAC /* assimp */,
			);
			path = include;
			sourceTree = "<group>";
		};
		18D0EFF41EE1B31400EEECAC /* assimp */ = {
			isa = PBXGroup;
			children = (
				18D0EFF51EE1B31400EEECAC /* .editorconfig */,
				18D0EFF61EE1B31400EEECAC /* ai_assert.h */,
				18D0EFF71EE1B31400EEECAC /* anim.h */,
				18D0EFF81EE1B31400EEECAC /* camera.h */,
				18D0EFF91EE1B31400EEECAC /* cexport.h */,
				18D0EFFA1EE1B31400EEECAC /* cfileio.h */,
				18D0EFFB1EE1B31400EEECAC /* cimport.h */,
				18D0EFFC1EE1B31400EEECAC /* color4.h */,
				18D0EFFD1EE1B31400EEECAC /* color4.inl */,
				18D0EFFE1EE1B31400EEECAC /* Compiler */,
				18D0F0021EE1B31400EEECAC /* config.h */,
				18D0F0031EE1B31400EEECAC /* config.h.in */,
				18D0F0041EE1B31400EEECAC /* DefaultIOStream.h */,
				18D0F0051EE1B31400EEECAC /* DefaultIOSystem.h */,
				18D0F0061EE1B31400EEECAC /* DefaultLogger.hpp */,
				18D0F0071EE1B31400EEECAC /* Defines.h */,
				18D0F0081EE1B31400EEECAC /* defs.h */,
				18D0F0091EE1B31400EEECAC /* Exporter.hpp */,
				18D0F00A1EE1B31400EEECAC /* Importer.hpp */,
				18D0F00B1EE1B31400EEECAC /* importerdesc.h */,
				18D0F00C1EE1B31400EEECAC /* IOStream.hpp */,
				18D0F00D1EE1B31400EEECAC /* IOSystem.hpp */,
				18D0F00E1EE1B31400EEECAC /* light.h */,
				18D0F00F1EE1B31400EEECAC /* Logger.hpp */,
				18D0F0101EE1B31400EEECAC /* LogStream.hpp */,
				18D0F0111EE1B31400EEECAC /* material.h */,
				18D0F0121EE1B31400EEECAC /* material.inl */,
				18D0F0131EE1B31400EEECAC /* matrix3x3.h */,
				18D0F0141EE1B31400EEECAC /* matrix3x3.inl */,
				18D0F0151EE1B31400EEECAC /* matrix4x4.h */,
				18D0F0161EE1B31400EEECAC /* matrix4x4.inl */,
				18D0F0171EE1B31400EEECAC /* mesh.h */,
				18D0F0181EE1B31400EEECAC /* metadata.h */,
				18D0F0191EE1B31400EEECAC /* NullLogger.hpp */,
				18D0F01A1EE1B31400EEECAC /* port */,
				18D0F01D1EE1B31400EEECAC /* postprocess.h */,
				18D0F01E1EE1B31400EEECAC /* ProgressHandler.hpp */,
				18D0F01F1EE1B31400EEECAC /* quaternion.h */,
				18D0F0201EE1B31400EEECAC /* quaternion.inl */,
				18D0F0211EE1B31400EEECAC /* scene.h */,
				18D0F0221EE1B31400EEECAC /* texture.h */,
				18D0F0231EE1B31400EEECAC /* types.h */,
				18D0F0241EE1B31400EEECAC /* vector2.h */,
				18D0F0251EE1B31400EEECAC /* vector2.inl */,
				18D0F0261EE1B31400EEECAC /* vector3.h */,
				18D0F0271EE1B31400EEECAC /* vector3.inl */,
				18D0F0281EE1B31400EEECAC /* version.h */,
			);
			path = assimp;
			sourceTree = "<group>";
		};
		18D0EFFE1EE1B31400EEECAC /* Compiler */ = {
			isa = PBXGroup;
			children = (
				18D0EFFF1EE1B31400EEECAC /* poppack1.h */,
				18D0F0001EE1B31400EEECAC /* pstdint.h */,
				18D0F0011EE1B31400EEECAC /* pushpack1.h */,
			);
			path = Compiler;
			sourceTree = "<group>";
		};
		18D0F01A1EE1B31400EEECAC /* port */ = {
			isa = PBXGroup;
			children = (
				18D0F01B1EE1B31400EEECAC /* AndroidJNI */,
			);
			path = port;
			sourceTree = "<group>";
		};
		18D0F01B1EE1B31400EEECAC /* AndroidJNI */ = {
			isa = PBXGroup;
			children = (
				18D0F01C1EE1B31400EEECAC /* AndroidJNIIOSystem.h */,
			);
			path = AndroidJNI;
			sourceTree = "<group>";
		};
		18D0F0291EE1B31400EEECAC /* lib */ = {
			isa = PBXGroup;
			children = (
				18D0F02A1EE1B31400EEECAC /* libassimp.3.3.1.dylib */,
				18D0F02B1EE1B31400EEECAC /* libassimp.3.dylib */,
				18D0F02C1EE1B31400EEECAC /* libassimp.dylib */,
				18D0F02D1EE1B31400EEECAC /* libIrrXML.a */,
			);
			path = lib;
			sourceTree = "<group>";
		};
		D15650041E647503008B5428 = {
			isa = PBXGroup;
			children = (
				D156500F1E647504008B5428 /* OpenGLScratch */,
				D156500E1E647504008B5428 /* Products */,
				18D0EFF21EE1B31400EEECAC /* assimp */,
			);
			sourceTree = "<group>";
		};
		D156500E1E647504008B5428 /* Products */ = {
			isa = PBXGroup;
			children = (
				D156500D1E647504008B5428 /* OpenGLScratch.app */,
			);
			name = Products;
			sourceTree = "<group>";
		};
		D156500F1E647504008B5428 /* OpenGLScratch */ = {
			isa = PBXGroup;
			children = (
				189578FD1EDAA4820025196E /* Shader */,
				18AE584A1EDB18C40029BEAF /* Renderer */,
				D15650101E647504008B5428 /* AppDelegate.swift */,
				D15650121E647504008B5428 /* ViewController.swift */,
				D15650141E647505008B5428 /* Assets.xcassets */,
				D15650161E647505008B5428 /* Main.storyboard */,
				D15650191E647505008B5428 /* Info.plist */,
				D1088F111E704C6200C060FF /* MyOpenGLView.swift */,
				189042BA1EC179AD0083B094 /* MyOpenGLProgram.swift */,
				18B52D551EC5EF6D00BCB1EA /* MyOpenGLTexture.swift */,
				189578EF1ED3D8F00025196E /* MyOpenGLUtils.swift */,
				189578F11ED3DAA20025196E /* MyOpenGLCamera.swift */,
				18D0EFDF1EDFC93A00EEECAC /* MyOpenGLMesh.swift */,
				18D0EFED1EE1B19200EEECAC /* MyOpenGLModel.swift */,
				18D0EFEF1EE1B2AD00EEECAC /* OpenGLScratch-Bridging-Header.h */,
				18D0EFF01EE1B2AD00EEECAC /* MyAssimpLoader.mm */,
				18D0F03B1EE1BC9700EEECAC /* MyAssimpLoader.h */,
				18F1CCA61EF4F8F400F03C68 /* MyOpenGLVertexObject.swift */,
				181E25B71EF64CA3007CF90A /* MyOpenGLTextureCache.swift */,
				1851B4B71F0E8085009049AE /* MyOpenGLFramebuffer.swift */,
				18D331411F1CD49A00C5B2A5 /* MyOpenGLFramebufferForDepthMap.swift */,
				18D3314B1F206B6200C5B2A5 /* MyOpenGLFramebufferForDepthCubemap.swift */,
				18EF47B51EFE38E300A79D09 /* MyOpenGLCubemapTexture.swift */,
			);
			path = OpenGLScratch;
			sourceTree = "<group>";
		};
/* End PBXGroup section */

/* Begin PBXNativeTarget section */
		D156500C1E647503008B5428 /* OpenGLScratch */ = {
			isa = PBXNativeTarget;
			buildConfigurationList = D156501C1E647505008B5428 /* Build configuration list for PBXNativeTarget "OpenGLScratch" */;
			buildPhases = (
				D15650091E647503008B5428 /* Sources */,
				D156500A1E647503008B5428 /* Frameworks */,
				D156500B1E647503008B5428 /* Resources */,
			);
			buildRules = (
			);
			dependencies = (
			);
			name = OpenGLScratch;
			productName = OpenGLScratch;
			productReference = D156500D1E647504008B5428 /* OpenGLScratch.app */;
			productType = "com.apple.product-type.application";
		};
/* End PBXNativeTarget section */

/* Begin PBXProject section */
		D15650051E647503008B5428 /* Project object */ = {
			isa = PBXProject;
			attributes = {
				LastSwiftUpdateCheck = 0820;
				LastUpgradeCheck = 0820;
				ORGANIZATIONNAME = "Jagyum Koo";
				TargetAttributes = {
					D156500C1E647503008B5428 = {
						CreatedOnToolsVersion = 8.2.1;
						DevelopmentTeam = 8ATG7PD23Z;
						ProvisioningStyle = Automatic;
					};
				};
			};
			buildConfigurationList = D15650081E647503008B5428 /* Build configuration list for PBXProject "OpenGLScratch" */;
			compatibilityVersion = "Xcode 3.2";
			developmentRegion = English;
			hasScannedForEncodings = 0;
			knownRegions = (
				en,
				Base,
			);
			mainGroup = D15650041E647503008B5428;
			productRefGroup = D156500E1E647504008B5428 /* Products */;
			projectDirPath = "";
			projectRoot = "";
			targets = (
				D156500C1E647503008B5428 /* OpenGLScratch */,
			);
		};
/* End PBXProject section */

/* Begin PBXResourcesBuildPhase section */
		D156500B1E647503008B5428 /* Resources */ = {
			isa = PBXResourcesBuildPhase;
			buildActionMask = 2147483647;
			files = (
				18D0F0311EE1B31400EEECAC /* material.inl in Resources */,
				18D0F0321EE1B31400EEECAC /* matrix3x3.inl in Resources */,
				18D0EFDA1EDC4FE900EEECAC /* SpotLight.fsh in Resources */,
				18A524031F04B4360037BAC4 /* Blue.fsh in Resources */,
				18D0F0441EE4D7CC00EEECAC /* BasicModel.vsh in Resources */,
				18D0EFCC1EDBB26800EEECAC /* LightingWithMaps.vsh in Resources */,
				1851B4B41F0E7EF9009049AE /* AntiAlias.vsh in Resources */,
				18EF47BC1EFEB74600A79D09 /* SkyboxReflectCube.fsh in Resources */,
				18D331521F20CDF600C5B2A5 /* PointShadowDepth.fsh in Resources */,
				18A5241F1F0788090037BAC4 /* Model.fsh in Resources */,
				189578FA1EDAA3B70025196E /* Lighting.vsh in Resources */,
				18D331481F1CE5A100C5B2A5 /* ShadowMapping.fsh in Resources */,
				18D331321F172AC400C5B2A5 /* BlinnPhong.vsh in Resources */,
				18AE58451EDB16570029BEAF /* Circle.vsh in Resources */,
				180CD31D1EDB2C7400AD5364 /* LightingWithMaterial.fsh in Resources */,
				184316E81F303D9900B11796 /* NormalMapping.vsh in Resources */,
				18AE58491EDB17060029BEAF /* RectanglePerspective.fsh in Resources */,
				18A524131F0771860037BAC4 /* ModelExplode.fsh in Resources */,
				18AE58431EDB16370029BEAF /* Circle.fsh in Resources */,
				18D3313E1F19D22600C5B2A5 /* DebugDepthQuad.fsh in Resources */,
				18D0EFD41EDC47CB00EEECAC /* PointLight.fsh in Resources */,
				18D0F02F1EE1B31400EEECAC /* color4.inl in Resources */,
				18A524011F04B4250037BAC4 /* Green.fsh in Resources */,
				18D3313A1F19D1B900C5B2A5 /* Depthmap.fsh in Resources */,
				18A5241B1F0784290037BAC4 /* VisualizeNormal.gsh in Resources */,
				18D331501F20CD9200C5B2A5 /* PointShadow.fsh in Resources */,
				18EF47BA1EFEB73A00A79D09 /* SkyboxReflectCube.vsh in Resources */,
				18A524051F04B4450037BAC4 /* Yellow.fsh in Resources */,
				18D0F0341EE1B31400EEECAC /* quaternion.inl in Resources */,
				1851B4B01F0CA8B3009049AE /* Asteroid.fsh in Resources */,
				1851B4B61F0E7F17009049AE /* AntiAlias.fsh in Resources */,
				18D0F02E1EE1B31400EEECAC /* .editorconfig in Resources */,
				189579051EDAAAF10025196E /* Lamp.fsh in Resources */,
				18D0EFDE1EDD930900EEECAC /* MultipleLights.fsh in Resources */,
				18A5240D1F054A360037BAC4 /* GeometryShader.gsh in Resources */,
				18A524251F0797160037BAC4 /* InstancedArray.fsh in Resources */,
				189578FF1EDAA9580025196E /* Triangle.vsh in Resources */,
				180056CF1EEFA41600446954 /* StencilTestSingleColor.fsh in Resources */,
				180056CB1EEE4DB300446954 /* DepthTest.fsh in Resources */,
				18D331341F172B6A00C5B2A5 /* BlinnPhong.fsh in Resources */,
				D15650151E647505008B5428 /* Assets.xcassets in Resources */,
				18D0F0461EE4D7E400EEECAC /* BasicModel.fsh in Resources */,
				18A5240B1F0549FE0037BAC4 /* GeometryShader.fsh in Resources */,
				18D0EFD21EDC3DFC00EEECAC /* DirectionalLight.fsh in Resources */,
				18D0EFCA1EDBB0EE00EEECAC /* LightingWithMaps.fsh in Resources */,
				18A524231F0796C10037BAC4 /* InstancedArray.vsh in Resources */,
				18A524191F0783A50037BAC4 /* VisualizeNormal.vsh in Resources */,
				180056C91EEE4D9C00446954 /* DepthTest.vsh in Resources */,
				189579011EDAA9AD0025196E /* Triangle.fsh in Resources */,
				18A524111F0770570037BAC4 /* ModelExplode.vsh in Resources */,
				18A523FF1F04B3FB0037BAC4 /* Red.fsh in Resources */,
				189578FC1EDAA4130025196E /* Lighting.fsh in Resources */,
				18D0F0331EE1B31400EEECAC /* matrix4x4.inl in Resources */,
				184316EA1F303DA500B11796 /* NormalMapping.fsh in Resources */,
				1851B4AE1F0CA81A009049AE /* Asteroid.vsh in Resources */,
				18D0F0361EE1B31400EEECAC /* vector3.inl in Resources */,
				18EF47B01EFCD36E00A79D09 /* Skybox.vsh in Resources */,
				18D0F0351EE1B31400EEECAC /* vector2.inl in Resources */,
				18D0F0301EE1B31400EEECAC /* config.h.in in Resources */,
				18A523FD1F04B38B0037BAC4 /* UniformBufferObject.vsh in Resources */,
				18EF47AA1EFAAC4300A79D09 /* FramebufferScreen.vsh in Resources */,
				18A5241D1F0787E90037BAC4 /* Model.vsh in Resources */,
				181E25B61EF57B95007CF90A /* Blending.fsh in Resources */,
				18AE58471EDB16F80029BEAF /* RectanglePerspective.vsh in Resources */,
				18EF47AC1EFAACCA00A79D09 /* FramebufferScreen.fsh in Resources */,
				18D331541F20CE0100C5B2A5 /* PointShadowDepth.vsh in Resources */,
				18EF47B21EFCD3EC00A79D09 /* Skybox.fsh in Resources */,
				18D3313C1F19D20D00C5B2A5 /* DebugDepthQuad.vsh in Resources */,
				D15650181E647505008B5428 /* Main.storyboard in Resources */,
				18D331561F20CE0C00C5B2A5 /* PointShadowDepth.gsh in Resources */,
				18D3314E1F20CD8000C5B2A5 /* PointShadow.vsh in Resources */,
				18A524091F0549900037BAC4 /* GeometryShader.vsh in Resources */,
				18A524151F0772540037BAC4 /* ModelExplode.gsh in Resources */,
				18D331381F19D1A500C5B2A5 /* Depthmap.vsh in Resources */,
				18D331461F1CE56300C5B2A5 /* ShadowMapping.vsh in Resources */,
				189579031EDAAACD0025196E /* Lamp.vsh in Resources */,
			);
			runOnlyForDeploymentPostprocessing = 0;
		};
/* End PBXResourcesBuildPhase section */

/* Begin PBXSourcesBuildPhase section */
		D15650091E647503008B5428 /* Sources */ = {
			isa = PBXSourcesBuildPhase;
			buildActionMask = 2147483647;
			files = (
				18D331441F1CE3E900C5B2A5 /* ShadowMappingRenderer.swift in Sources */,
				189578F81ED865980025196E /* CircleRenderer.swift in Sources */,
				18A524071F0548DE0037BAC4 /* GeometryShaderRenderer.swift in Sources */,
				18D0EFE01EDFC93A00EEECAC /* MyOpenGLMesh.swift in Sources */,
				1878AE381F07AAF0005F8CCA /* AsteroidRenderer.swift in Sources */,
				18EF47B81EFEB67600A79D09 /* SkyboxReflectRenderer.swift in Sources */,
				18F1CCA71EF4F8F400F03C68 /* MyOpenGLVertexObject.swift in Sources */,
				18D3314A1F1F8C0E00C5B2A5 /* PointShadowRenderer.swift in Sources */,
				D15650131E647504008B5428 /* ViewController.swift in Sources */,
				18EF47B41EFD634B00A79D09 /* SkyboxRenderer.swift in Sources */,
				189042BB1EC179AD0083B094 /* MyOpenGLProgram.swift in Sources */,
				18A5240F1F076F030037BAC4 /* ModelExplodeRenderer.swift in Sources */,
				189042BD1EC1E99C0083B094 /* RectangleRenderer.swift in Sources */,
				18D3314C1F206B6200C5B2A5 /* MyOpenGLFramebufferForDepthCubemap.swift in Sources */,
				189578EA1ED19A340025196E /* CubeRenderer.swift in Sources */,
				18D0EFDC1EDD924200EEECAC /* MultipleLightsRenderer.swift in Sources */,
				180CD31B1EDB2BFA00AD5364 /* LightingWithMaterialRenderer.swift in Sources */,
				180056CD1EEFA36C00446954 /* StencilOutlineRenderer.swift in Sources */,
				184316E61F30340F00B11796 /* NormalMappingRenderer.swift in Sources */,
				D15650111E647504008B5428 /* AppDelegate.swift in Sources */,
				18D0EFD81EDC4F9D00EEECAC /* SpotLightRenderer.swift in Sources */,
				18D0EFEE1EE1B19200EEECAC /* MyOpenGLModel.swift in Sources */,
				189578F41ED429FE0025196E /* NCubesWithCameraRenderer.swift in Sources */,
				180056C71EEE478800446954 /* DepthTestRenderer.swift in Sources */,
				18D0EFD01EDC3D0C00EEECAC /* DirectionalLightRenderer.swift in Sources */,
				18EF47A81EFAAA5200A79D09 /* FramebufferRenderer.swift in Sources */,
				18A524211F0795A30037BAC4 /* InstancedArrayRenderer.swift in Sources */,
				180056D11EF4F32300446954 /* GrassBlendRenderer.swift in Sources */,
				18D0EFD61EDC488100EEECAC /* PointLightRenderer.swift in Sources */,
				1851B4B81F0E8085009049AE /* MyOpenGLFramebuffer.swift in Sources */,
				189578F21ED3DAA20025196E /* MyOpenGLCamera.swift in Sources */,
				189578EC1ED1C6DD0025196E /* NCubesRenderer.swift in Sources */,
				180CD3191EDB1BEC00AD5364 /* SpinningLampRenderer.swift in Sources */,
				18B52D611EC832F000BCB1EA /* RectangleRotationRenderer.swift in Sources */,
				18D331361F19D05900C5B2A5 /* DepthMapRenderer.swift in Sources */,
				18D331421F1CD49A00C5B2A5 /* MyOpenGLFramebufferForDepthMap.swift in Sources */,
				18A524171F0782500037BAC4 /* VisualizeNormalRenderer.swift in Sources */,
				18B52D5F1EC7096300BCB1EA /* RectangleTextureRenderer.swift in Sources */,
				18D0F0421EE4D6F200EEECAC /* ModelRenderer.swift in Sources */,
				18B52D561EC5EF6D00BCB1EA /* MyOpenGLTexture.swift in Sources */,
				185492E41E81FE14009773AE /* TriangleRenderer.swift in Sources */,
				18A523FB1F04B1DC0037BAC4 /* UniformBufferObjectRenderer.swift in Sources */,
				18B52D581EC6FC9800BCB1EA /* TriangleTextureRenderer.swift in Sources */,
				181E25BA1EF664AE007CF90A /* WindowBlendRenderer.swift in Sources */,
				189578F61ED470330025196E /* LightingAndLampRenderer.swift in Sources */,
				18D0EFF11EE1B2AD00EEECAC /* MyAssimpLoader.mm in Sources */,
				18D0EFCE1EDBB31400EEECAC /* LightingWithMapsRenderer.swift in Sources */,
				18D331301F17237B00C5B2A5 /* BlinnPhongRenderer.swift in Sources */,
				1851B4B21F0E7CDC009049AE /* MSAARenderer.swift in Sources */,
				18EF47B61EFE38E300A79D09 /* MyOpenGLCubemapTexture.swift in Sources */,
				D1088F121E704C6200C060FF /* MyOpenGLView.swift in Sources */,
				189578F01ED3D8F00025196E /* MyOpenGLUtils.swift in Sources */,
				189578E81ED18B670025196E /* RectanglePerspectiveRenderer.swift in Sources */,
				181E25B81EF64CA3007CF90A /* MyOpenGLTextureCache.swift in Sources */,
			);
			runOnlyForDeploymentPostprocessing = 0;
		};
/* End PBXSourcesBuildPhase section */

/* Begin PBXVariantGroup section */
		D15650161E647505008B5428 /* Main.storyboard */ = {
			isa = PBXVariantGroup;
			children = (
				D15650171E647505008B5428 /* Base */,
			);
			name = Main.storyboard;
			sourceTree = "<group>";
		};
/* End PBXVariantGroup section */

/* Begin XCBuildConfiguration section */
		D156501A1E647505008B5428 /* Debug */ = {
			isa = XCBuildConfiguration;
			buildSettings = {
				ALWAYS_SEARCH_USER_PATHS = NO;
				CLANG_ANALYZER_NONNULL = YES;
				CLANG_CXX_LANGUAGE_STANDARD = "gnu++0x";
				CLANG_CXX_LIBRARY = "libc++";
				CLANG_ENABLE_MODULES = YES;
				CLANG_ENABLE_OBJC_ARC = YES;
				CLANG_WARN_BOOL_CONVERSION = YES;
				CLANG_WARN_CONSTANT_CONVERSION = YES;
				CLANG_WARN_DIRECT_OBJC_ISA_USAGE = YES_ERROR;
				CLANG_WARN_DOCUMENTATION_COMMENTS = YES;
				CLANG_WARN_EMPTY_BODY = YES;
				CLANG_WARN_ENUM_CONVERSION = YES;
				CLANG_WARN_INFINITE_RECURSION = YES;
				CLANG_WARN_INT_CONVERSION = YES;
				CLANG_WARN_OBJC_ROOT_CLASS = YES_ERROR;
				CLANG_WARN_SUSPICIOUS_MOVE = YES;
				CLANG_WARN_UNREACHABLE_CODE = YES;
				CLANG_WARN__DUPLICATE_METHOD_MATCH = YES;
				CODE_SIGN_IDENTITY = "-";
				COPY_PHASE_STRIP = NO;
				DEBUG_INFORMATION_FORMAT = dwarf;
				ENABLE_STRICT_OBJC_MSGSEND = YES;
				ENABLE_TESTABILITY = YES;
				GCC_C_LANGUAGE_STANDARD = gnu99;
				GCC_DYNAMIC_NO_PIC = NO;
				GCC_NO_COMMON_BLOCKS = YES;
				GCC_OPTIMIZATION_LEVEL = 0;
				GCC_PREPROCESSOR_DEFINITIONS = (
					"DEBUG=1",
					"$(inherited)",
				);
				GCC_WARN_64_TO_32_BIT_CONVERSION = YES;
				GCC_WARN_ABOUT_RETURN_TYPE = YES_ERROR;
				GCC_WARN_UNDECLARED_SELECTOR = YES;
				GCC_WARN_UNINITIALIZED_AUTOS = YES_AGGRESSIVE;
				GCC_WARN_UNUSED_FUNCTION = YES;
				GCC_WARN_UNUSED_VARIABLE = YES;
				MACOSX_DEPLOYMENT_TARGET = 10.12;
				MTL_ENABLE_DEBUG_INFO = YES;
				ONLY_ACTIVE_ARCH = YES;
				SDKROOT = macosx;
				SWIFT_ACTIVE_COMPILATION_CONDITIONS = DEBUG;
				SWIFT_OPTIMIZATION_LEVEL = "-Onone";
			};
			name = Debug;
		};
		D156501B1E647505008B5428 /* Release */ = {
			isa = XCBuildConfiguration;
			buildSettings = {
				ALWAYS_SEARCH_USER_PATHS = NO;
				CLANG_ANALYZER_NONNULL = YES;
				CLANG_CXX_LANGUAGE_STANDARD = "gnu++0x";
				CLANG_CXX_LIBRARY = "libc++";
				CLANG_ENABLE_MODULES = YES;
				CLANG_ENABLE_OBJC_ARC = YES;
				CLANG_WARN_BOOL_CONVERSION = YES;
				CLANG_WARN_CONSTANT_CONVERSION = YES;
				CLANG_WARN_DIRECT_OBJC_ISA_USAGE = YES_ERROR;
				CLANG_WARN_DOCUMENTATION_COMMENTS = YES;
				CLANG_WARN_EMPTY_BODY = YES;
				CLANG_WARN_ENUM_CONVERSION = YES;
				CLANG_WARN_INFINITE_RECURSION = YES;
				CLANG_WARN_INT_CONVERSION = YES;
				CLANG_WARN_OBJC_ROOT_CLASS = YES_ERROR;
				CLANG_WARN_SUSPICIOUS_MOVE = YES;
				CLANG_WARN_UNREACHABLE_CODE = YES;
				CLANG_WARN__DUPLICATE_METHOD_MATCH = YES;
				CODE_SIGN_IDENTITY = "-";
				COPY_PHASE_STRIP = NO;
				DEBUG_INFORMATION_FORMAT = "dwarf-with-dsym";
				ENABLE_NS_ASSERTIONS = NO;
				ENABLE_STRICT_OBJC_MSGSEND = YES;
				GCC_C_LANGUAGE_STANDARD = gnu99;
				GCC_NO_COMMON_BLOCKS = YES;
				GCC_WARN_64_TO_32_BIT_CONVERSION = YES;
				GCC_WARN_ABOUT_RETURN_TYPE = YES_ERROR;
				GCC_WARN_UNDECLARED_SELECTOR = YES;
				GCC_WARN_UNINITIALIZED_AUTOS = YES_AGGRESSIVE;
				GCC_WARN_UNUSED_FUNCTION = YES;
				GCC_WARN_UNUSED_VARIABLE = YES;
				MACOSX_DEPLOYMENT_TARGET = 10.12;
				MTL_ENABLE_DEBUG_INFO = NO;
				SDKROOT = macosx;
				SWIFT_OPTIMIZATION_LEVEL = "-Owholemodule";
			};
			name = Release;
		};
		D156501D1E647505008B5428 /* Debug */ = {
			isa = XCBuildConfiguration;
			buildSettings = {
				ASSETCATALOG_COMPILER_APPICON_NAME = AppIcon;
				CLANG_ENABLE_MODULES = YES;
				COMBINE_HIDPI_IMAGES = YES;
				DEVELOPMENT_TEAM = 8ATG7PD23Z;
				HEADER_SEARCH_PATHS = "$(PROJECT_DIR)/assimp/include";
				INFOPLIST_FILE = OpenGLScratch/Info.plist;
				LD_RUNPATH_SEARCH_PATHS = "$(inherited) @executable_path/../Frameworks";
				LIBRARY_SEARCH_PATHS = (
					"$(inherited)",
					"$(PROJECT_DIR)/assimp/lib",
				);
				NEW_SETTING = "";
				PRODUCT_BUNDLE_IDENTIFIER = com.koodev.OpenGLScratch;
				PRODUCT_NAME = "$(TARGET_NAME)";
				SWIFT_OBJC_BRIDGING_HEADER = "OpenGLScratch/OpenGLScratch-Bridging-Header.h";
				SWIFT_OPTIMIZATION_LEVEL = "-Onone";
				SWIFT_VERSION = 3.0;
			};
			name = Debug;
		};
		D156501E1E647505008B5428 /* Release */ = {
			isa = XCBuildConfiguration;
			buildSettings = {
				ASSETCATALOG_COMPILER_APPICON_NAME = AppIcon;
				CLANG_ENABLE_MODULES = YES;
				COMBINE_HIDPI_IMAGES = YES;
				DEFINES_MODULE = NO;
				DEVELOPMENT_TEAM = 8ATG7PD23Z;
				HEADER_SEARCH_PATHS = "$(PROJECT_DIR)/assimp/include";
				INFOPLIST_FILE = OpenGLScratch/Info.plist;
				LD_RUNPATH_SEARCH_PATHS = "$(inherited) @executable_path/../Frameworks";
				LIBRARY_SEARCH_PATHS = (
					"$(inherited)",
					"$(PROJECT_DIR)/assimp/lib",
				);
				NEW_SETTING = "";
				PRODUCT_BUNDLE_IDENTIFIER = com.koodev.OpenGLScratch;
				PRODUCT_NAME = "$(TARGET_NAME)";
				SWIFT_OBJC_BRIDGING_HEADER = "OpenGLScratch/OpenGLScratch-Bridging-Header.h";
				SWIFT_VERSION = 3.0;
			};
			name = Release;
		};
/* End XCBuildConfiguration section */

/* Begin XCConfigurationList section */
		D15650081E647503008B5428 /* Build configuration list for PBXProject "OpenGLScratch" */ = {
			isa = XCConfigurationList;
			buildConfigurations = (
				D156501A1E647505008B5428 /* Debug */,
				D156501B1E647505008B5428 /* Release */,
			);
			defaultConfigurationIsVisible = 0;
			defaultConfigurationName = Release;
		};
		D156501C1E647505008B5428 /* Build configuration list for PBXNativeTarget "OpenGLScratch" */ = {
			isa = XCConfigurationList;
			buildConfigurations = (
				D156501D1E647505008B5428 /* Debug */,
				D156501E1E647505008B5428 /* Release */,
			);
			defaultConfigurationIsVisible = 0;
			defaultConfigurationName = Release;
		};
/* End XCConfigurationList section */
	};
	rootObject = D15650051E647503008B5428 /* Project object */;
}
