// !$*UTF8*$!
{
	archiveVersion = 1;
	classes = {
	};
	objectVersion = 46;
	objects = {

/* Begin PBXBuildFile section */
		185492E41E81FE14009773AE /* TriangleRenderer.swift in Sources */ = {isa = PBXBuildFile; fileRef = 185492E31E81FE14009773AE /* TriangleRenderer.swift */; };
		189042BB1EC179AD0083B094 /* MyOpenGLProgram.swift in Sources */ = {isa = PBXBuildFile; fileRef = 189042BA1EC179AD0083B094 /* MyOpenGLProgram.swift */; };
		189042BD1EC1E99C0083B094 /* RectangleRenderer.swift in Sources */ = {isa = PBXBuildFile; fileRef = 189042BC1EC1E99C0083B094 /* RectangleRenderer.swift */; };
		18B52D561EC5EF6D00BCB1EA /* MyOpenGLTexture.swift in Sources */ = {isa = PBXBuildFile; fileRef = 18B52D551EC5EF6D00BCB1EA /* MyOpenGLTexture.swift */; };
		18B52D581EC6FC9800BCB1EA /* TriangleTextureRenderer.swift in Sources */ = {isa = PBXBuildFile; fileRef = 18B52D571EC6FC9800BCB1EA /* TriangleTextureRenderer.swift */; };
		D1088F121E704C6200C060FF /* MyOpenGLView.swift in Sources */ = {isa = PBXBuildFile; fileRef = D1088F111E704C6200C060FF /* MyOpenGLView.swift */; };
		D15650111E647504008B5428 /* AppDelegate.swift in Sources */ = {isa = PBXBuildFile; fileRef = D15650101E647504008B5428 /* AppDelegate.swift */; };
		D15650131E647504008B5428 /* ViewController.swift in Sources */ = {isa = PBXBuildFile; fileRef = D15650121E647504008B5428 /* ViewController.swift */; };
		D15650151E647505008B5428 /* Assets.xcassets in Resources */ = {isa = PBXBuildFile; fileRef = D15650141E647505008B5428 /* Assets.xcassets */; };
		D15650181E647505008B5428 /* Main.storyboard in Resources */ = {isa = PBXBuildFile; fileRef = D15650161E647505008B5428 /* Main.storyboard */; };
/* End PBXBuildFile section */

/* Begin PBXFileReference section */
		185492E31E81FE14009773AE /* TriangleRenderer.swift */ = {isa = PBXFileReference; fileEncoding = 4; lastKnownFileType = sourcecode.swift; path = TriangleRenderer.swift; sourceTree = "<group>"; };
		189042BA1EC179AD0083B094 /* MyOpenGLProgram.swift */ = {isa = PBXFileReference; fileEncoding = 4; lastKnownFileType = sourcecode.swift; path = MyOpenGLProgram.swift; sourceTree = "<group>"; };
		189042BC1EC1E99C0083B094 /* RectangleRenderer.swift */ = {isa = PBXFileReference; fileEncoding = 4; lastKnownFileType = sourcecode.swift; path = RectangleRenderer.swift; sourceTree = "<group>"; };
		18B52D551EC5EF6D00BCB1EA /* MyOpenGLTexture.swift */ = {isa = PBXFileReference; fileEncoding = 4; lastKnownFileType = sourcecode.swift; path = MyOpenGLTexture.swift; sourceTree = "<group>"; };
		18B52D571EC6FC9800BCB1EA /* TriangleTextureRenderer.swift */ = {isa = PBXFileReference; fileEncoding = 4; lastKnownFileType = sourcecode.swift; path = TriangleTextureRenderer.swift; sourceTree = "<group>"; };
		D1088F111E704C6200C060FF /* MyOpenGLView.swift */ = {isa = PBXFileReference; fileEncoding = 4; lastKnownFileType = sourcecode.swift; path = MyOpenGLView.swift; sourceTree = "<group>"; };
		D156500D1E647504008B5428 /* OpenGLScratch.app */ = {isa = PBXFileReference; explicitFileType = wrapper.application; includeInIndex = 0; path = OpenGLScratch.app; sourceTree = BUILT_PRODUCTS_DIR; };
		D15650101E647504008B5428 /* AppDelegate.swift */ = {isa = PBXFileReference; lastKnownFileType = sourcecode.swift; path = AppDelegate.swift; sourceTree = "<group>"; };
		D15650121E647504008B5428 /* ViewController.swift */ = {isa = PBXFileReference; lastKnownFileType = sourcecode.swift; path = ViewController.swift; sourceTree = "<group>"; };
		D15650141E647505008B5428 /* Assets.xcassets */ = {isa = PBXFileReference; lastKnownFileType = folder.assetcatalog; path = Assets.xcassets; sourceTree = "<group>"; };
		D15650171E647505008B5428 /* Base */ = {isa = PBXFileReference; lastKnownFileType = file.storyboard; name = Base; path = Base.lproj/Main.storyboard; sourceTree = "<group>"; };
		D15650191E647505008B5428 /* Info.plist */ = {isa = PBXFileReference; lastKnownFileType = text.plist.xml; path = Info.plist; sourceTree = "<group>"; };
/* End PBXFileReference section */

/* Begin PBXFrameworksBuildPhase section */
		D156500A1E647503008B5428 /* Frameworks */ = {
			isa = PBXFrameworksBuildPhase;
			buildActionMask = 2147483647;
			files = (
			);
			runOnlyForDeploymentPostprocessing = 0;
		};
/* End PBXFrameworksBuildPhase section */

/* Begin PBXGroup section */
		D15650041E647503008B5428 = {
			isa = PBXGroup;
			children = (
				D156500F1E647504008B5428 /* OpenGLScratch */,
				D156500E1E647504008B5428 /* Products */,
			);
			sourceTree = "<group>";
		};
		D156500E1E647504008B5428 /* Products */ = {
			isa = PBXGroup;
			children = (
				D156500D1E647504008B5428 /* OpenGLScratch.app */,
			);
			name = Products;
			sourceTree = "<group>";
		};
		D156500F1E647504008B5428 /* OpenGLScratch */ = {
			isa = PBXGroup;
			children = (
				D15650101E647504008B5428 /* AppDelegate.swift */,
				D15650121E647504008B5428 /* ViewController.swift */,
				D15650141E647505008B5428 /* Assets.xcassets */,
				D15650161E647505008B5428 /* Main.storyboard */,
				D15650191E647505008B5428 /* Info.plist */,
				D1088F111E704C6200C060FF /* MyOpenGLView.swift */,
				185492E31E81FE14009773AE /* TriangleRenderer.swift */,
				189042BA1EC179AD0083B094 /* MyOpenGLProgram.swift */,
				189042BC1EC1E99C0083B094 /* RectangleRenderer.swift */,
				18B52D551EC5EF6D00BCB1EA /* MyOpenGLTexture.swift */,
				18B52D571EC6FC9800BCB1EA /* TriangleTextureRenderer.swift */,
			);
			path = OpenGLScratch;
			sourceTree = "<group>";
		};
/* End PBXGroup section */

/* Begin PBXNativeTarget section */
		D156500C1E647503008B5428 /* OpenGLScratch */ = {
			isa = PBXNativeTarget;
			buildConfigurationList = D156501C1E647505008B5428 /* Build configuration list for PBXNativeTarget "OpenGLScratch" */;
			buildPhases = (
				D15650091E647503008B5428 /* Sources */,
				D156500A1E647503008B5428 /* Frameworks */,
				D156500B1E647503008B5428 /* Resources */,
			);
			buildRules = (
			);
			dependencies = (
			);
			name = OpenGLScratch;
			productName = OpenGLScratch;
			productReference = D156500D1E647504008B5428 /* OpenGLScratch.app */;
			productType = "com.apple.product-type.application";
		};
/* End PBXNativeTarget section */

/* Begin PBXProject section */
		D15650051E647503008B5428 /* Project object */ = {
			isa = PBXProject;
			attributes = {
				LastSwiftUpdateCheck = 0820;
				LastUpgradeCheck = 0820;
				ORGANIZATIONNAME = "Jagyum Koo";
				TargetAttributes = {
					D156500C1E647503008B5428 = {
						CreatedOnToolsVersion = 8.2.1;
						DevelopmentTeam = 8ATG7PD23Z;
						ProvisioningStyle = Automatic;
					};
				};
			};
			buildConfigurationList = D15650081E647503008B5428 /* Build configuration list for PBXProject "OpenGLScratch" */;
			compatibilityVersion = "Xcode 3.2";
			developmentRegion = English;
			hasScannedForEncodings = 0;
			knownRegions = (
				en,
				Base,
			);
			mainGroup = D15650041E647503008B5428;
			productRefGroup = D156500E1E647504008B5428 /* Products */;
			projectDirPath = "";
			projectRoot = "";
			targets = (
				D156500C1E647503008B5428 /* OpenGLScratch */,
			);
		};
/* End PBXProject section */

/* Begin PBXResourcesBuildPhase section */
		D156500B1E647503008B5428 /* Resources */ = {
			isa = PBXResourcesBuildPhase;
			buildActionMask = 2147483647;
			files = (
				D15650151E647505008B5428 /* Assets.xcassets in Resources */,
				D15650181E647505008B5428 /* Main.storyboard in Resources */,
			);
			runOnlyForDeploymentPostprocessing = 0;
		};
/* End PBXResourcesBuildPhase section */

/* Begin PBXSourcesBuildPhase section */
		D15650091E647503008B5428 /* Sources */ = {
			isa = PBXSourcesBuildPhase;
			buildActionMask = 2147483647;
			files = (
				D15650131E647504008B5428 /* ViewController.swift in Sources */,
				189042BB1EC179AD0083B094 /* MyOpenGLProgram.swift in Sources */,
				189042BD1EC1E99C0083B094 /* RectangleRenderer.swift in Sources */,
				D15650111E647504008B5428 /* AppDelegate.swift in Sources */,
				18B52D561EC5EF6D00BCB1EA /* MyOpenGLTexture.swift in Sources */,
				185492E41E81FE14009773AE /* TriangleRenderer.swift in Sources */,
				18B52D581EC6FC9800BCB1EA /* TriangleTextureRenderer.swift in Sources */,
				D1088F121E704C6200C060FF /* MyOpenGLView.swift in Sources */,
			);
			runOnlyForDeploymentPostprocessing = 0;
		};
/* End PBXSourcesBuildPhase section */

/* Begin PBXVariantGroup section */
		D15650161E647505008B5428 /* Main.storyboard */ = {
			isa = PBXVariantGroup;
			children = (
				D15650171E647505008B5428 /* Base */,
			);
			name = Main.storyboard;
			sourceTree = "<group>";
		};
/* End PBXVariantGroup section */

/* Begin XCBuildConfiguration section */
		D156501A1E647505008B5428 /* Debug */ = {
			isa = XCBuildConfiguration;
			buildSettings = {
				ALWAYS_SEARCH_USER_PATHS = NO;
				CLANG_ANALYZER_NONNULL = YES;
				CLANG_CXX_LANGUAGE_STANDARD = "gnu++0x";
				CLANG_CXX_LIBRARY = "libc++";
				CLANG_ENABLE_MODULES = YES;
				CLANG_ENABLE_OBJC_ARC = YES;
				CLANG_WARN_BOOL_CONVERSION = YES;
				CLANG_WARN_CONSTANT_CONVERSION = YES;
				CLANG_WARN_DIRECT_OBJC_ISA_USAGE = YES_ERROR;
				CLANG_WARN_DOCUMENTATION_COMMENTS = YES;
				CLANG_WARN_EMPTY_BODY = YES;
				CLANG_WARN_ENUM_CONVERSION = YES;
				CLANG_WARN_INFINITE_RECURSION = YES;
				CLANG_WARN_INT_CONVERSION = YES;
				CLANG_WARN_OBJC_ROOT_CLASS = YES_ERROR;
				CLANG_WARN_SUSPICIOUS_MOVE = YES;
				CLANG_WARN_UNREACHABLE_CODE = YES;
				CLANG_WARN__DUPLICATE_METHOD_MATCH = YES;
				CODE_SIGN_IDENTITY = "-";
				COPY_PHASE_STRIP = NO;
				DEBUG_INFORMATION_FORMAT = dwarf;
				ENABLE_STRICT_OBJC_MSGSEND = YES;
				ENABLE_TESTABILITY = YES;
				GCC_C_LANGUAGE_STANDARD = gnu99;
				GCC_DYNAMIC_NO_PIC = NO;
				GCC_NO_COMMON_BLOCKS = YES;
				GCC_OPTIMIZATION_LEVEL = 0;
				GCC_PREPROCESSOR_DEFINITIONS = (
					"DEBUG=1",
					"$(inherited)",
				);
				GCC_WARN_64_TO_32_BIT_CONVERSION = YES;
				GCC_WARN_ABOUT_RETURN_TYPE = YES_ERROR;
				GCC_WARN_UNDECLARED_SELECTOR = YES;
				GCC_WARN_UNINITIALIZED_AUTOS = YES_AGGRESSIVE;
				GCC_WARN_UNUSED_FUNCTION = YES;
				GCC_WARN_UNUSED_VARIABLE = YES;
				MACOSX_DEPLOYMENT_TARGET = 10.12;
				MTL_ENABLE_DEBUG_INFO = YES;
				ONLY_ACTIVE_ARCH = YES;
				SDKROOT = macosx;
				SWIFT_ACTIVE_COMPILATION_CONDITIONS = DEBUG;
				SWIFT_OPTIMIZATION_LEVEL = "-Onone";
			};
			name = Debug;
		};
		D156501B1E647505008B5428 /* Release */ = {
			isa = XCBuildConfiguration;
			buildSettings = {
				ALWAYS_SEARCH_USER_PATHS = NO;
				CLANG_ANALYZER_NONNULL = YES;
				CLANG_CXX_LANGUAGE_STANDARD = "gnu++0x";
				CLANG_CXX_LIBRARY = "libc++";
				CLANG_ENABLE_MODULES = YES;
				CLANG_ENABLE_OBJC_ARC = YES;
				CLANG_WARN_BOOL_CONVERSION = YES;
				CLANG_WARN_CONSTANT_CONVERSION = YES;
				CLANG_WARN_DIRECT_OBJC_ISA_USAGE = YES_ERROR;
				CLANG_WARN_DOCUMENTATION_COMMENTS = YES;
				CLANG_WARN_EMPTY_BODY = YES;
				CLANG_WARN_ENUM_CONVERSION = YES;
				CLANG_WARN_INFINITE_RECURSION = YES;
				CLANG_WARN_INT_CONVERSION = YES;
				CLANG_WARN_OBJC_ROOT_CLASS = YES_ERROR;
				CLANG_WARN_SUSPICIOUS_MOVE = YES;
				CLANG_WARN_UNREACHABLE_CODE = YES;
				CLANG_WARN__DUPLICATE_METHOD_MATCH = YES;
				CODE_SIGN_IDENTITY = "-";
				COPY_PHASE_STRIP = NO;
				DEBUG_INFORMATION_FORMAT = "dwarf-with-dsym";
				ENABLE_NS_ASSERTIONS = NO;
				ENABLE_STRICT_OBJC_MSGSEND = YES;
				GCC_C_LANGUAGE_STANDARD = gnu99;
				GCC_NO_COMMON_BLOCKS = YES;
				GCC_WARN_64_TO_32_BIT_CONVERSION = YES;
				GCC_WARN_ABOUT_RETURN_TYPE = YES_ERROR;
				GCC_WARN_UNDECLARED_SELECTOR = YES;
				GCC_WARN_UNINITIALIZED_AUTOS = YES_AGGRESSIVE;
				GCC_WARN_UNUSED_FUNCTION = YES;
				GCC_WARN_UNUSED_VARIABLE = YES;
				MACOSX_DEPLOYMENT_TARGET = 10.12;
				MTL_ENABLE_DEBUG_INFO = NO;
				SDKROOT = macosx;
				SWIFT_OPTIMIZATION_LEVEL = "-Owholemodule";
			};
			name = Release;
		};
		D156501D1E647505008B5428 /* Debug */ = {
			isa = XCBuildConfiguration;
			buildSettings = {
				ASSETCATALOG_COMPILER_APPICON_NAME = AppIcon;
				COMBINE_HIDPI_IMAGES = YES;
				DEVELOPMENT_TEAM = 8ATG7PD23Z;
				INFOPLIST_FILE = OpenGLScratch/Info.plist;
				LD_RUNPATH_SEARCH_PATHS = "$(inherited) @executable_path/../Frameworks";
				PRODUCT_BUNDLE_IDENTIFIER = com.koodev.OpenGLScratch;
				PRODUCT_NAME = "$(TARGET_NAME)";
				SWIFT_VERSION = 3.0;
			};
			name = Debug;
		};
		D156501E1E647505008B5428 /* Release */ = {
			isa = XCBuildConfiguration;
			buildSettings = {
				ASSETCATALOG_COMPILER_APPICON_NAME = AppIcon;
				COMBINE_HIDPI_IMAGES = YES;
				DEVELOPMENT_TEAM = 8ATG7PD23Z;
				INFOPLIST_FILE = OpenGLScratch/Info.plist;
				LD_RUNPATH_SEARCH_PATHS = "$(inherited) @executable_path/../Frameworks";
				PRODUCT_BUNDLE_IDENTIFIER = com.koodev.OpenGLScratch;
				PRODUCT_NAME = "$(TARGET_NAME)";
				SWIFT_VERSION = 3.0;
			};
			name = Release;
		};
/* End XCBuildConfiguration section */

/* Begin XCConfigurationList section */
		D15650081E647503008B5428 /* Build configuration list for PBXProject "OpenGLScratch" */ = {
			isa = XCConfigurationList;
			buildConfigurations = (
				D156501A1E647505008B5428 /* Debug */,
				D156501B1E647505008B5428 /* Release */,
			);
			defaultConfigurationIsVisible = 0;
			defaultConfigurationName = Release;
		};
		D156501C1E647505008B5428 /* Build configuration list for PBXNativeTarget "OpenGLScratch" */ = {
			isa = XCConfigurationList;
			buildConfigurations = (
				D156501D1E647505008B5428 /* Debug */,
				D156501E1E647505008B5428 /* Release */,
			);
			defaultConfigurationIsVisible = 0;
			defaultConfigurationName = Release;
		};
/* End XCConfigurationList section */
	};
	rootObject = D15650051E647503008B5428 /* Project object */;
}
